// !$*UTF8*$!
{
	archiveVersion = 1;
	classes = {
	};
	objectVersion = 55;
	objects = {

/* Begin PBXBuildFile section */
		8903DBA8272A21FD0027ED2F /* JGProgressHUD in Frameworks */ = {isa = PBXBuildFile; productRef = 8903DBA7272A21FD0027ED2F /* JGProgressHUD */; };
		8942750F2726C3AD00594AFE /* APIKey.swift in Sources */ = {isa = PBXBuildFile; fileRef = 8942750E2726C3AD00594AFE /* APIKey.swift */; };
		8942AD682728D35400F3F79E /* TranslatedAPIManager.swift.swift in Sources */ = {isa = PBXBuildFile; fileRef = 8942AD672728D35400F3F79E /* TranslatedAPIManager.swift.swift */; };
		8942AD6A2728EA0B00F3F79E /* VisionViewController.swift in Sources */ = {isa = PBXBuildFile; fileRef = 8942AD692728EA0B00F3F79E /* VisionViewController.swift */; };
		8942AD6C2728EC7800F3F79E /* VisionAPIManager.swift in Sources */ = {isa = PBXBuildFile; fileRef = 8942AD6B2728EC7800F3F79E /* VisionAPIManager.swift */; };
		89A1DF1D272B7E8D00B9F568 /* AsyncViewController.swift in Sources */ = {isa = PBXBuildFile; fileRef = 89A1DF1C272B7E8D00B9F568 /* AsyncViewController.swift */; };
		89A1DF1F272B946C00B9F568 /* UILabel+Extension.swift in Sources */ = {isa = PBXBuildFile; fileRef = 89A1DF1E272B946C00B9F568 /* UILabel+Extension.swift */; };
		89D055342727929600417957 /* PPGViewController.swift in Sources */ = {isa = PBXBuildFile; fileRef = 89D055332727929600417957 /* PPGViewController.swift */; };
		89EA9C1B27264458000A64C0 /* AppDelegate.swift in Sources */ = {isa = PBXBuildFile; fileRef = 89EA9C1A27264458000A64C0 /* AppDelegate.swift */; };
		89EA9C1D27264458000A64C0 /* SceneDelegate.swift in Sources */ = {isa = PBXBuildFile; fileRef = 89EA9C1C27264458000A64C0 /* SceneDelegate.swift */; };
		89EA9C1F27264458000A64C0 /* ViewController.swift in Sources */ = {isa = PBXBuildFile; fileRef = 89EA9C1E27264458000A64C0 /* ViewController.swift */; };
		89EA9C2227264458000A64C0 /* Main.storyboard in Resources */ = {isa = PBXBuildFile; fileRef = 89EA9C2027264458000A64C0 /* Main.storyboard */; };
		89EA9C2427264459000A64C0 /* Assets.xcassets in Resources */ = {isa = PBXBuildFile; fileRef = 89EA9C2327264459000A64C0 /* Assets.xcassets */; };
		89EA9C2727264459000A64C0 /* LaunchScreen.storyboard in Resources */ = {isa = PBXBuildFile; fileRef = 89EA9C2527264459000A64C0 /* LaunchScreen.storyboard */; };
		89EA9C3027264489000A64C0 /* Alamofire in Frameworks */ = {isa = PBXBuildFile; productRef = 89EA9C2F27264489000A64C0 /* Alamofire */; };
		89EA9C33272644FE000A64C0 /* SwiftyJSON in Frameworks */ = {isa = PBXBuildFile; productRef = 89EA9C32272644FE000A64C0 /* SwiftyJSON */; };
/* End PBXBuildFile section */

/* Begin PBXFileReference section */
		8942750E2726C3AD00594AFE /* APIKey.swift */ = {isa = PBXFileReference; lastKnownFileType = sourcecode.swift; path = APIKey.swift; sourceTree = "<group>"; };
		8942AD672728D35400F3F79E /* TranslatedAPIManager.swift.swift */ = {isa = PBXFileReference; lastKnownFileType = sourcecode.swift; path = TranslatedAPIManager.swift.swift; sourceTree = "<group>"; };
		8942AD692728EA0B00F3F79E /* VisionViewController.swift */ = {isa = PBXFileReference; lastKnownFileType = sourcecode.swift; path = VisionViewController.swift; sourceTree = "<group>"; };
		8942AD6B2728EC7800F3F79E /* VisionAPIManager.swift */ = {isa = PBXFileReference; lastKnownFileType = sourcecode.swift; path = VisionAPIManager.swift; sourceTree = "<group>"; };
		89A1DF1C272B7E8D00B9F568 /* AsyncViewController.swift */ = {isa = PBXFileReference; lastKnownFileType = sourcecode.swift; path = AsyncViewController.swift; sourceTree = "<group>"; };
		89A1DF1E272B946C00B9F568 /* UILabel+Extension.swift */ = {isa = PBXFileReference; lastKnownFileType = sourcecode.swift; path = "UILabel+Extension.swift"; sourceTree = "<group>"; };
		89D055332727929600417957 /* PPGViewController.swift */ = {isa = PBXFileReference; lastKnownFileType = sourcecode.swift; path = PPGViewController.swift; sourceTree = "<group>"; };
		89EA9C1727264458000A64C0 /* SeSAC_Week5.app */ = {isa = PBXFileReference; explicitFileType = wrapper.application; includeInIndex = 0; path = SeSAC_Week5.app; sourceTree = BUILT_PRODUCTS_DIR; };
		89EA9C1A27264458000A64C0 /* AppDelegate.swift */ = {isa = PBXFileReference; lastKnownFileType = sourcecode.swift; path = AppDelegate.swift; sourceTree = "<group>"; };
		89EA9C1C27264458000A64C0 /* SceneDelegate.swift */ = {isa = PBXFileReference; lastKnownFileType = sourcecode.swift; path = SceneDelegate.swift; sourceTree = "<group>"; };
		89EA9C1E27264458000A64C0 /* ViewController.swift */ = {isa = PBXFileReference; lastKnownFileType = sourcecode.swift; path = ViewController.swift; sourceTree = "<group>"; };
		89EA9C2127264458000A64C0 /* Base */ = {isa = PBXFileReference; lastKnownFileType = file.storyboard; name = Base; path = Base.lproj/Main.storyboard; sourceTree = "<group>"; };
		89EA9C2327264459000A64C0 /* Assets.xcassets */ = {isa = PBXFileReference; lastKnownFileType = folder.assetcatalog; path = Assets.xcassets; sourceTree = "<group>"; };
		89EA9C2627264459000A64C0 /* Base */ = {isa = PBXFileReference; lastKnownFileType = file.storyboard; name = Base; path = Base.lproj/LaunchScreen.storyboard; sourceTree = "<group>"; };
		89EA9C2827264459000A64C0 /* Info.plist */ = {isa = PBXFileReference; lastKnownFileType = text.plist.xml; path = Info.plist; sourceTree = "<group>"; };
/* End PBXFileReference section */

/* Begin PBXFrameworksBuildPhase section */
		89EA9C1427264458000A64C0 /* Frameworks */ = {
			isa = PBXFrameworksBuildPhase;
			buildActionMask = 2147483647;
			files = (
				89EA9C33272644FE000A64C0 /* SwiftyJSON in Frameworks */,
				8903DBA8272A21FD0027ED2F /* JGProgressHUD in Frameworks */,
				89EA9C3027264489000A64C0 /* Alamofire in Frameworks */,
			);
			runOnlyForDeploymentPostprocessing = 0;
		};
/* End PBXFrameworksBuildPhase section */

/* Begin PBXGroup section */
		8942750D2726C3A300594AFE /* APIKey */ = {
			isa = PBXGroup;
			children = (
				8942750E2726C3AD00594AFE /* APIKey.swift */,
			);
			path = APIKey;
			sourceTree = "<group>";
		};
		89EA9C0E27264458000A64C0 = {
			isa = PBXGroup;
			children = (
				89EA9C1927264458000A64C0 /* SeSAC_Week5 */,
				89EA9C1827264458000A64C0 /* Products */,
			);
			sourceTree = "<group>";
		};
		89EA9C1827264458000A64C0 /* Products */ = {
			isa = PBXGroup;
			children = (
				89EA9C1727264458000A64C0 /* SeSAC_Week5.app */,
			);
			name = Products;
			sourceTree = "<group>";
		};
		89EA9C1927264458000A64C0 /* SeSAC_Week5 */ = {
			isa = PBXGroup;
			children = (
				8942750D2726C3A300594AFE /* APIKey */,
				89EA9C1A27264458000A64C0 /* AppDelegate.swift */,
				89EA9C1C27264458000A64C0 /* SceneDelegate.swift */,
				89EA9C1E27264458000A64C0 /* ViewController.swift */,
				89EA9C2027264458000A64C0 /* Main.storyboard */,
				89EA9C2327264459000A64C0 /* Assets.xcassets */,
				89EA9C2527264459000A64C0 /* LaunchScreen.storyboard */,
				89EA9C2827264459000A64C0 /* Info.plist */,
				89D055332727929600417957 /* PPGViewController.swift */,
				8942AD672728D35400F3F79E /* TranslatedAPIManager.swift.swift */,
				8942AD692728EA0B00F3F79E /* VisionViewController.swift */,
				8942AD6B2728EC7800F3F79E /* VisionAPIManager.swift */,
				89A1DF1C272B7E8D00B9F568 /* AsyncViewController.swift */,
				89A1DF1E272B946C00B9F568 /* UILabel+Extension.swift */,
			);
			path = SeSAC_Week5;
			sourceTree = "<group>";
		};
/* End PBXGroup section */

/* Begin PBXNativeTarget section */
		89EA9C1627264458000A64C0 /* SeSAC_Week5 */ = {
			isa = PBXNativeTarget;
			buildConfigurationList = 89EA9C2B27264459000A64C0 /* Build configuration list for PBXNativeTarget "SeSAC_Week5" */;
			buildPhases = (
				89EA9C1327264458000A64C0 /* Sources */,
				89EA9C1427264458000A64C0 /* Frameworks */,
				89EA9C1527264458000A64C0 /* Resources */,
			);
			buildRules = (
			);
			dependencies = (
			);
			name = SeSAC_Week5;
			packageProductDependencies = (
				89EA9C2F27264489000A64C0 /* Alamofire */,
				89EA9C32272644FE000A64C0 /* SwiftyJSON */,
				8903DBA7272A21FD0027ED2F /* JGProgressHUD */,
			);
			productName = SeSAC_Week5;
			productReference = 89EA9C1727264458000A64C0 /* SeSAC_Week5.app */;
			productType = "com.apple.product-type.application";
		};
/* End PBXNativeTarget section */

/* Begin PBXProject section */
		89EA9C0F27264458000A64C0 /* Project object */ = {
			isa = PBXProject;
			attributes = {
				BuildIndependentTargetsInParallel = 1;
				LastSwiftUpdateCheck = 1300;
				LastUpgradeCheck = 1300;
				TargetAttributes = {
					89EA9C1627264458000A64C0 = {
						CreatedOnToolsVersion = 13.0;
					};
				};
			};
			buildConfigurationList = 89EA9C1227264458000A64C0 /* Build configuration list for PBXProject "SeSAC_Week5" */;
			compatibilityVersion = "Xcode 13.0";
			developmentRegion = en;
			hasScannedForEncodings = 0;
			knownRegions = (
				en,
				Base,
			);
			mainGroup = 89EA9C0E27264458000A64C0;
			packageReferences = (
				89EA9C2E27264489000A64C0 /* XCRemoteSwiftPackageReference "Alamofire" */,
				89EA9C31272644FE000A64C0 /* XCRemoteSwiftPackageReference "SwiftyJSON" */,
				8903DBA6272A21FD0027ED2F /* XCRemoteSwiftPackageReference "JGProgressHUD" */,
			);
			productRefGroup = 89EA9C1827264458000A64C0 /* Products */;
			projectDirPath = "";
			projectRoot = "";
			targets = (
				89EA9C1627264458000A64C0 /* SeSAC_Week5 */,
			);
		};
/* End PBXProject section */

/* Begin PBXResourcesBuildPhase section */
		89EA9C1527264458000A64C0 /* Resources */ = {
			isa = PBXResourcesBuildPhase;
			buildActionMask = 2147483647;
			files = (
				89EA9C2727264459000A64C0 /* LaunchScreen.storyboard in Resources */,
				89EA9C2427264459000A64C0 /* Assets.xcassets in Resources */,
				89EA9C2227264458000A64C0 /* Main.storyboard in Resources */,
			);
			runOnlyForDeploymentPostprocessing = 0;
		};
/* End PBXResourcesBuildPhase section */

/* Begin PBXSourcesBuildPhase section */
		89EA9C1327264458000A64C0 /* Sources */ = {
			isa = PBXSourcesBuildPhase;
			buildActionMask = 2147483647;
			files = (
				8942AD682728D35400F3F79E /* TranslatedAPIManager.swift.swift in Sources */,
				89EA9C1F27264458000A64C0 /* ViewController.swift in Sources */,
				89EA9C1B27264458000A64C0 /* AppDelegate.swift in Sources */,
				89A1DF1D272B7E8D00B9F568 /* AsyncViewController.swift in Sources */,
				89D055342727929600417957 /* PPGViewController.swift in Sources */,
				8942AD6A2728EA0B00F3F79E /* VisionViewController.swift in Sources */,
				8942750F2726C3AD00594AFE /* APIKey.swift in Sources */,
				8942AD6C2728EC7800F3F79E /* VisionAPIManager.swift in Sources */,
				89A1DF1F272B946C00B9F568 /* UILabel+Extension.swift in Sources */,
				89EA9C1D27264458000A64C0 /* SceneDelegate.swift in Sources */,
			);
			runOnlyForDeploymentPostprocessing = 0;
		};
/* End PBXSourcesBuildPhase section */

/* Begin PBXVariantGroup section */
		89EA9C2027264458000A64C0 /* Main.storyboard */ = {
			isa = PBXVariantGroup;
			children = (
				89EA9C2127264458000A64C0 /* Base */,
			);
			name = Main.storyboard;
			sourceTree = "<group>";
		};
		89EA9C2527264459000A64C0 /* LaunchScreen.storyboard */ = {
			isa = PBXVariantGroup;
			children = (
				89EA9C2627264459000A64C0 /* Base */,
			);
			name = LaunchScreen.storyboard;
			sourceTree = "<group>";
		};
/* End PBXVariantGroup section */

/* Begin XCBuildConfiguration section */
		89EA9C2927264459000A64C0 /* Debug */ = {
			isa = XCBuildConfiguration;
			buildSettings = {
				ALWAYS_SEARCH_USER_PATHS = NO;
				CLANG_ANALYZER_NONNULL = YES;
				CLANG_ANALYZER_NUMBER_OBJECT_CONVERSION = YES_AGGRESSIVE;
				CLANG_CXX_LANGUAGE_STANDARD = "gnu++17";
				CLANG_CXX_LIBRARY = "libc++";
				CLANG_ENABLE_MODULES = YES;
				CLANG_ENABLE_OBJC_ARC = YES;
				CLANG_ENABLE_OBJC_WEAK = YES;
				CLANG_WARN_BLOCK_CAPTURE_AUTORELEASING = YES;
				CLANG_WARN_BOOL_CONVERSION = YES;
				CLANG_WARN_COMMA = YES;
				CLANG_WARN_CONSTANT_CONVERSION = YES;
				CLANG_WARN_DEPRECATED_OBJC_IMPLEMENTATIONS = YES;
				CLANG_WARN_DIRECT_OBJC_ISA_USAGE = YES_ERROR;
				CLANG_WARN_DOCUMENTATION_COMMENTS = YES;
				CLANG_WARN_EMPTY_BODY = YES;
				CLANG_WARN_ENUM_CONVERSION = YES;
				CLANG_WARN_INFINITE_RECURSION = YES;
				CLANG_WARN_INT_CONVERSION = YES;
				CLANG_WARN_NON_LITERAL_NULL_CONVERSION = YES;
				CLANG_WARN_OBJC_IMPLICIT_RETAIN_SELF = YES;
				CLANG_WARN_OBJC_LITERAL_CONVERSION = YES;
				CLANG_WARN_OBJC_ROOT_CLASS = YES_ERROR;
				CLANG_WARN_QUOTED_INCLUDE_IN_FRAMEWORK_HEADER = YES;
				CLANG_WARN_RANGE_LOOP_ANALYSIS = YES;
				CLANG_WARN_STRICT_PROTOTYPES = YES;
				CLANG_WARN_SUSPICIOUS_MOVE = YES;
				CLANG_WARN_UNGUARDED_AVAILABILITY = YES_AGGRESSIVE;
				CLANG_WARN_UNREACHABLE_CODE = YES;
				CLANG_WARN__DUPLICATE_METHOD_MATCH = YES;
				COPY_PHASE_STRIP = NO;
				DEBUG_INFORMATION_FORMAT = dwarf;
				ENABLE_STRICT_OBJC_MSGSEND = YES;
				ENABLE_TESTABILITY = YES;
				GCC_C_LANGUAGE_STANDARD = gnu11;
				GCC_DYNAMIC_NO_PIC = NO;
				GCC_NO_COMMON_BLOCKS = YES;
				GCC_OPTIMIZATION_LEVEL = 0;
				GCC_PREPROCESSOR_DEFINITIONS = (
					"DEBUG=1",
					"$(inherited)",
				);
				GCC_WARN_64_TO_32_BIT_CONVERSION = YES;
				GCC_WARN_ABOUT_RETURN_TYPE = YES_ERROR;
				GCC_WARN_UNDECLARED_SELECTOR = YES;
				GCC_WARN_UNINITIALIZED_AUTOS = YES_AGGRESSIVE;
				GCC_WARN_UNUSED_FUNCTION = YES;
				GCC_WARN_UNUSED_VARIABLE = YES;
				IPHONEOS_DEPLOYMENT_TARGET = 15.0;
				MTL_ENABLE_DEBUG_INFO = INCLUDE_SOURCE;
				MTL_FAST_MATH = YES;
				ONLY_ACTIVE_ARCH = YES;
				SDKROOT = iphoneos;
				SWIFT_ACTIVE_COMPILATION_CONDITIONS = DEBUG;
				SWIFT_OPTIMIZATION_LEVEL = "-Onone";
			};
			name = Debug;
		};
		89EA9C2A27264459000A64C0 /* Release */ = {
			isa = XCBuildConfiguration;
			buildSettings = {
				ALWAYS_SEARCH_USER_PATHS = NO;
				CLANG_ANALYZER_NONNULL = YES;
				CLANG_ANALYZER_NUMBER_OBJECT_CONVERSION = YES_AGGRESSIVE;
				CLANG_CXX_LANGUAGE_STANDARD = "gnu++17";
				CLANG_CXX_LIBRARY = "libc++";
				CLANG_ENABLE_MODULES = YES;
				CLANG_ENABLE_OBJC_ARC = YES;
				CLANG_ENABLE_OBJC_WEAK = YES;
				CLANG_WARN_BLOCK_CAPTURE_AUTORELEASING = YES;
				CLANG_WARN_BOOL_CONVERSION = YES;
				CLANG_WARN_COMMA = YES;
				CLANG_WARN_CONSTANT_CONVERSION = YES;
				CLANG_WARN_DEPRECATED_OBJC_IMPLEMENTATIONS = YES;
				CLANG_WARN_DIRECT_OBJC_ISA_USAGE = YES_ERROR;
				CLANG_WARN_DOCUMENTATION_COMMENTS = YES;
				CLANG_WARN_EMPTY_BODY = YES;
				CLANG_WARN_ENUM_CONVERSION = YES;
				CLANG_WARN_INFINITE_RECURSION = YES;
				CLANG_WARN_INT_CONVERSION = YES;
				CLANG_WARN_NON_LITERAL_NULL_CONVERSION = YES;
				CLANG_WARN_OBJC_IMPLICIT_RETAIN_SELF = YES;
				CLANG_WARN_OBJC_LITERAL_CONVERSION = YES;
				CLANG_WARN_OBJC_ROOT_CLASS = YES_ERROR;
				CLANG_WARN_QUOTED_INCLUDE_IN_FRAMEWORK_HEADER = YES;
				CLANG_WARN_RANGE_LOOP_ANALYSIS = YES;
				CLANG_WARN_STRICT_PROTOTYPES = YES;
				CLANG_WARN_SUSPICIOUS_MOVE = YES;
				CLANG_WARN_UNGUARDED_AVAILABILITY = YES_AGGRESSIVE;
				CLANG_WARN_UNREACHABLE_CODE = YES;
				CLANG_WARN__DUPLICATE_METHOD_MATCH = YES;
				COPY_PHASE_STRIP = NO;
				DEBUG_INFORMATION_FORMAT = "dwarf-with-dsym";
				ENABLE_NS_ASSERTIONS = NO;
				ENABLE_STRICT_OBJC_MSGSEND = YES;
				GCC_C_LANGUAGE_STANDARD = gnu11;
				GCC_NO_COMMON_BLOCKS = YES;
				GCC_WARN_64_TO_32_BIT_CONVERSION = YES;
				GCC_WARN_ABOUT_RETURN_TYPE = YES_ERROR;
				GCC_WARN_UNDECLARED_SELECTOR = YES;
				GCC_WARN_UNINITIALIZED_AUTOS = YES_AGGRESSIVE;
				GCC_WARN_UNUSED_FUNCTION = YES;
				GCC_WARN_UNUSED_VARIABLE = YES;
				IPHONEOS_DEPLOYMENT_TARGET = 15.0;
				MTL_ENABLE_DEBUG_INFO = NO;
				MTL_FAST_MATH = YES;
				SDKROOT = iphoneos;
				SWIFT_COMPILATION_MODE = wholemodule;
				SWIFT_OPTIMIZATION_LEVEL = "-O";
				VALIDATE_PRODUCT = YES;
			};
			name = Release;
		};
		89EA9C2C27264459000A64C0 /* Debug */ = {
			isa = XCBuildConfiguration;
			buildSettings = {
				ASSETCATALOG_COMPILER_APPICON_NAME = AppIcon;
				ASSETCATALOG_COMPILER_GLOBAL_ACCENT_COLOR_NAME = AccentColor;
				CODE_SIGN_STYLE = Automatic;
				CURRENT_PROJECT_VERSION = 1;
				GENERATE_INFOPLIST_FILE = YES;
				INFOPLIST_FILE = SeSAC_Week5/Info.plist;
				INFOPLIST_KEY_UIApplicationSupportsIndirectInputEvents = YES;
				INFOPLIST_KEY_UILaunchStoryboardName = LaunchScreen;
				INFOPLIST_KEY_UIMainStoryboardFile = Main;
				INFOPLIST_KEY_UISupportedInterfaceOrientations_iPad = "UIInterfaceOrientationPortrait UIInterfaceOrientationPortraitUpsideDown UIInterfaceOrientationLandscapeLeft UIInterfaceOrientationLandscapeRight";
				INFOPLIST_KEY_UISupportedInterfaceOrientations_iPhone = "UIInterfaceOrientationPortrait UIInterfaceOrientationLandscapeLeft UIInterfaceOrientationLandscapeRight";
				LD_RUNPATH_SEARCH_PATHS = (
					"$(inherited)",
					"@executable_path/Frameworks",
				);
				MARKETING_VERSION = 1.0;
				PRODUCT_BUNDLE_IDENTIFIER = "com.JDman.SeSAC-Week5";
				PRODUCT_NAME = "$(TARGET_NAME)";
				SWIFT_EMIT_LOC_STRINGS = YES;
				SWIFT_VERSION = 5.0;
				TARGETED_DEVICE_FAMILY = "1,2";
			};
			name = Debug;
		};
		89EA9C2D27264459000A64C0 /* Release */ = {
			isa = XCBuildConfiguration;
			buildSettings = {
				ASSETCATALOG_COMPILER_APPICON_NAME = AppIcon;
				ASSETCATALOG_COMPILER_GLOBAL_ACCENT_COLOR_NAME = AccentColor;
				CODE_SIGN_STYLE = Automatic;
				CURRENT_PROJECT_VERSION = 1;
				GENERATE_INFOPLIST_FILE = YES;
				INFOPLIST_FILE = SeSAC_Week5/Info.plist;
				INFOPLIST_KEY_UIApplicationSupportsIndirectInputEvents = YES;
				INFOPLIST_KEY_UILaunchStoryboardName = LaunchScreen;
				INFOPLIST_KEY_UIMainStoryboardFile = Main;
				INFOPLIST_KEY_UISupportedInterfaceOrientations_iPad = "UIInterfaceOrientationPortrait UIInterfaceOrientationPortraitUpsideDown UIInterfaceOrientationLandscapeLeft UIInterfaceOrientationLandscapeRight";
				INFOPLIST_KEY_UISupportedInterfaceOrientations_iPhone = "UIInterfaceOrientationPortrait UIInterfaceOrientationLandscapeLeft UIInterfaceOrientationLandscapeRight";
				LD_RUNPATH_SEARCH_PATHS = (
					"$(inherited)",
					"@executable_path/Frameworks",
				);
				MARKETING_VERSION = 1.0;
				PRODUCT_BUNDLE_IDENTIFIER = "com.JDman.SeSAC-Week5";
				PRODUCT_NAME = "$(TARGET_NAME)";
				SWIFT_EMIT_LOC_STRINGS = YES;
				SWIFT_VERSION = 5.0;
				TARGETED_DEVICE_FAMILY = "1,2";
			};
			name = Release;
		};
/* End XCBuildConfiguration section */

/* Begin XCConfigurationList section */
		89EA9C1227264458000A64C0 /* Build configuration list for PBXProject "SeSAC_Week5" */ = {
			isa = XCConfigurationList;
			buildConfigurations = (
				89EA9C2927264459000A64C0 /* Debug */,
				89EA9C2A27264459000A64C0 /* Release */,
			);
			defaultConfigurationIsVisible = 0;
			defaultConfigurationName = Release;
		};
		89EA9C2B27264459000A64C0 /* Build configuration list for PBXNativeTarget "SeSAC_Week5" */ = {
			isa = XCConfigurationList;
			buildConfigurations = (
				89EA9C2C27264459000A64C0 /* Debug */,
				89EA9C2D27264459000A64C0 /* Release */,
			);
			defaultConfigurationIsVisible = 0;
			defaultConfigurationName = Release;
		};
/* End XCConfigurationList section */

/* Begin XCRemoteSwiftPackageReference section */
		8903DBA6272A21FD0027ED2F /* XCRemoteSwiftPackageReference "JGProgressHUD" */ = {
			isa = XCRemoteSwiftPackageReference;
			repositoryURL = "https://github.com/JonasGessner/JGProgressHUD.git";
			requirement = {
				kind = upToNextMajorVersion;
				minimumVersion = 2.0.0;
			};
		};
		89EA9C2E27264489000A64C0 /* XCRemoteSwiftPackageReference "Alamofire" */ = {
			isa = XCRemoteSwiftPackageReference;
			repositoryURL = "https://github.com/Alamofire/Alamofire";
			requirement = {
				kind = upToNextMajorVersion;
				minimumVersion = 5.0.0;
			};
		};
		89EA9C31272644FE000A64C0 /* XCRemoteSwiftPackageReference "SwiftyJSON" */ = {
			isa = XCRemoteSwiftPackageReference;
			repositoryURL = "https://github.com/SwiftyJSON/SwiftyJSON.git";
			requirement = {
				kind = exactVersion;
				version = 5.0.0;
			};
		};
/* End XCRemoteSwiftPackageReference section */

/* Begin XCSwiftPackageProductDependency section */
		8903DBA7272A21FD0027ED2F /* JGProgressHUD */ = {
			isa = XCSwiftPackageProductDependency;
			package = 8903DBA6272A21FD0027ED2F /* XCRemoteSwiftPackageReference "JGProgressHUD" */;
			productName = JGProgressHUD;
		};
		89EA9C2F27264489000A64C0 /* Alamofire */ = {
			isa = XCSwiftPackageProductDependency;
			package = 89EA9C2E27264489000A64C0 /* XCRemoteSwiftPackageReference "Alamofire" */;
			productName = Alamofire;
		};
		89EA9C32272644FE000A64C0 /* SwiftyJSON */ = {
			isa = XCSwiftPackageProductDependency;
			package = 89EA9C31272644FE000A64C0 /* XCRemoteSwiftPackageReference "SwiftyJSON" */;
			productName = SwiftyJSON;
		};
/* End XCSwiftPackageProductDependency section */
	};
	rootObject = 89EA9C0F27264458000A64C0 /* Project object */;
}
