// !$*UTF8*$!
{
	archiveVersion = 1;
	classes = {
	};
	objectVersion = 55;
	objects = {

/* Begin PBXBuildFile section */
		8927C52A27F7296C00C435CE /* AppDelegate.swift in Sources */ = {isa = PBXBuildFile; fileRef = 8927C52927F7296C00C435CE /* AppDelegate.swift */; };
		8927C52C27F7296C00C435CE /* SceneDelegate.swift in Sources */ = {isa = PBXBuildFile; fileRef = 8927C52B27F7296C00C435CE /* SceneDelegate.swift */; };
		8927C52E27F7296C00C435CE /* WeatherViewController.swift in Sources */ = {isa = PBXBuildFile; fileRef = 8927C52D27F7296C00C435CE /* WeatherViewController.swift */; };
		8927C53327F7296D00C435CE /* Assets.xcassets in Resources */ = {isa = PBXBuildFile; fileRef = 8927C53227F7296D00C435CE /* Assets.xcassets */; };
		8927C53627F7296D00C435CE /* LaunchScreen.storyboard in Resources */ = {isa = PBXBuildFile; fileRef = 8927C53427F7296D00C435CE /* LaunchScreen.storyboard */; };
		8927C54127F7296D00C435CE /* WeatherByVIPERTests.swift in Sources */ = {isa = PBXBuildFile; fileRef = 8927C54027F7296D00C435CE /* WeatherByVIPERTests.swift */; };
		8927C54B27F7296D00C435CE /* WeatherByVIPERUITests.swift in Sources */ = {isa = PBXBuildFile; fileRef = 8927C54A27F7296D00C435CE /* WeatherByVIPERUITests.swift */; };
		8927C54D27F7296D00C435CE /* WeatherByVIPERUITestsLaunchTests.swift in Sources */ = {isa = PBXBuildFile; fileRef = 8927C54C27F7296D00C435CE /* WeatherByVIPERUITestsLaunchTests.swift */; };
		8927C55B27F7298100C435CE /* URLComponents.swift in Sources */ = {isa = PBXBuildFile; fileRef = 8927C55A27F7298100C435CE /* URLComponents.swift */; };
		8927C56727F72AB500C435CE /* WeatherInteractor.swift in Sources */ = {isa = PBXBuildFile; fileRef = 8927C56627F72AB500C435CE /* WeatherInteractor.swift */; };
		8927C56927F72AC100C435CE /* WeatherPresenter.swift in Sources */ = {isa = PBXBuildFile; fileRef = 8927C56827F72AC100C435CE /* WeatherPresenter.swift */; };
		8927C56B27F72ACC00C435CE /* WeatherResponseModel.swift in Sources */ = {isa = PBXBuildFile; fileRef = 8927C56A27F72ACC00C435CE /* WeatherResponseModel.swift */; };
		8927C56D27F72AD700C435CE /* WeatherRouter.swift in Sources */ = {isa = PBXBuildFile; fileRef = 8927C56C27F72AD700C435CE /* WeatherRouter.swift */; };
		8927C56F27F72AF100C435CE /* ViewType.swift in Sources */ = {isa = PBXBuildFile; fileRef = 8927C56E27F72AF100C435CE /* ViewType.swift */; };
		8927C57127F72AFE00C435CE /* InteractorType.swift in Sources */ = {isa = PBXBuildFile; fileRef = 8927C57027F72AFE00C435CE /* InteractorType.swift */; };
		8927C57327F72B0B00C435CE /* PresenterType.swift in Sources */ = {isa = PBXBuildFile; fileRef = 8927C57227F72B0B00C435CE /* PresenterType.swift */; };
		8927C57527F72B1800C435CE /* RouterType.swift in Sources */ = {isa = PBXBuildFile; fileRef = 8927C57427F72B1800C435CE /* RouterType.swift */; };
		8927C57927F72B9100C435CE /* WeatherRequestModel.swift in Sources */ = {isa = PBXBuildFile; fileRef = 8927C57827F72B9100C435CE /* WeatherRequestModel.swift */; };
		89CB5F8327F864900098C675 /* RxCocoa in Frameworks */ = {isa = PBXBuildFile; productRef = 89CB5F8227F864900098C675 /* RxCocoa */; };
		89CB5F8527F864900098C675 /* RxRelay in Frameworks */ = {isa = PBXBuildFile; productRef = 89CB5F8427F864900098C675 /* RxRelay */; };
		89CB5F8727F864900098C675 /* RxSwift in Frameworks */ = {isa = PBXBuildFile; productRef = 89CB5F8627F864900098C675 /* RxSwift */; };
		89CB5F8A27F8649B0098C675 /* Kingfisher in Frameworks */ = {isa = PBXBuildFile; productRef = 89CB5F8927F8649B0098C675 /* Kingfisher */; };
		89CB5F8D27F864AA0098C675 /* SnapKit in Frameworks */ = {isa = PBXBuildFile; productRef = 89CB5F8C27F864AA0098C675 /* SnapKit */; };
		89CB5F9027F864D30098C675 /* Moya in Frameworks */ = {isa = PBXBuildFile; productRef = 89CB5F8F27F864D30098C675 /* Moya */; };
		89CB5F9227F865640098C675 /* WeatherBaseLabel.swift in Sources */ = {isa = PBXBuildFile; fileRef = 89CB5F9127F865640098C675 /* WeatherBaseLabel.swift */; };
		89CB5F9527F865930098C675 /* UIView+Ext.swift in Sources */ = {isa = PBXBuildFile; fileRef = 89CB5F9427F865930098C675 /* UIView+Ext.swift */; };
		89CB5F9727F8674B0098C675 /* AppRouter.swift in Sources */ = {isa = PBXBuildFile; fileRef = 89CB5F9627F8674B0098C675 /* AppRouter.swift */; };
		89CB5F9927F86EB00098C675 /* WeatherBaseImageView.swift in Sources */ = {isa = PBXBuildFile; fileRef = 89CB5F9827F86EB00098C675 /* WeatherBaseImageView.swift */; };
/* End PBXBuildFile section */

/* Begin PBXContainerItemProxy section */
		8927C53D27F7296D00C435CE /* PBXContainerItemProxy */ = {
			isa = PBXContainerItemProxy;
			containerPortal = 8927C51E27F7296C00C435CE /* Project object */;
			proxyType = 1;
			remoteGlobalIDString = 8927C52527F7296C00C435CE;
			remoteInfo = WeatherByVIPER;
		};
		8927C54727F7296D00C435CE /* PBXContainerItemProxy */ = {
			isa = PBXContainerItemProxy;
			containerPortal = 8927C51E27F7296C00C435CE /* Project object */;
			proxyType = 1;
			remoteGlobalIDString = 8927C52527F7296C00C435CE;
			remoteInfo = WeatherByVIPER;
		};
/* End PBXContainerItemProxy section */

/* Begin PBXFileReference section */
		8927C52627F7296C00C435CE /* WeatherByVIPER.app */ = {isa = PBXFileReference; explicitFileType = wrapper.application; includeInIndex = 0; path = WeatherByVIPER.app; sourceTree = BUILT_PRODUCTS_DIR; };
		8927C52927F7296C00C435CE /* AppDelegate.swift */ = {isa = PBXFileReference; lastKnownFileType = sourcecode.swift; path = AppDelegate.swift; sourceTree = "<group>"; };
		8927C52B27F7296C00C435CE /* SceneDelegate.swift */ = {isa = PBXFileReference; lastKnownFileType = sourcecode.swift; path = SceneDelegate.swift; sourceTree = "<group>"; };
		8927C52D27F7296C00C435CE /* WeatherViewController.swift */ = {isa = PBXFileReference; lastKnownFileType = sourcecode.swift; path = WeatherViewController.swift; sourceTree = "<group>"; };
		8927C53227F7296D00C435CE /* Assets.xcassets */ = {isa = PBXFileReference; lastKnownFileType = folder.assetcatalog; path = Assets.xcassets; sourceTree = "<group>"; };
		8927C53527F7296D00C435CE /* Base */ = {isa = PBXFileReference; lastKnownFileType = file.storyboard; name = Base; path = Base.lproj/LaunchScreen.storyboard; sourceTree = "<group>"; };
		8927C53727F7296D00C435CE /* Info.plist */ = {isa = PBXFileReference; lastKnownFileType = text.plist.xml; path = Info.plist; sourceTree = "<group>"; };
		8927C53C27F7296D00C435CE /* WeatherByVIPERTests.xctest */ = {isa = PBXFileReference; explicitFileType = wrapper.cfbundle; includeInIndex = 0; path = WeatherByVIPERTests.xctest; sourceTree = BUILT_PRODUCTS_DIR; };
		8927C54027F7296D00C435CE /* WeatherByVIPERTests.swift */ = {isa = PBXFileReference; lastKnownFileType = sourcecode.swift; path = WeatherByVIPERTests.swift; sourceTree = "<group>"; };
		8927C54627F7296D00C435CE /* WeatherByVIPERUITests.xctest */ = {isa = PBXFileReference; explicitFileType = wrapper.cfbundle; includeInIndex = 0; path = WeatherByVIPERUITests.xctest; sourceTree = BUILT_PRODUCTS_DIR; };
		8927C54A27F7296D00C435CE /* WeatherByVIPERUITests.swift */ = {isa = PBXFileReference; lastKnownFileType = sourcecode.swift; path = WeatherByVIPERUITests.swift; sourceTree = "<group>"; };
		8927C54C27F7296D00C435CE /* WeatherByVIPERUITestsLaunchTests.swift */ = {isa = PBXFileReference; lastKnownFileType = sourcecode.swift; path = WeatherByVIPERUITestsLaunchTests.swift; sourceTree = "<group>"; };
		8927C55A27F7298100C435CE /* URLComponents.swift */ = {isa = PBXFileReference; lastKnownFileType = sourcecode.swift; path = URLComponents.swift; sourceTree = "<group>"; };
		8927C56627F72AB500C435CE /* WeatherInteractor.swift */ = {isa = PBXFileReference; lastKnownFileType = sourcecode.swift; path = WeatherInteractor.swift; sourceTree = "<group>"; };
		8927C56827F72AC100C435CE /* WeatherPresenter.swift */ = {isa = PBXFileReference; lastKnownFileType = sourcecode.swift; path = WeatherPresenter.swift; sourceTree = "<group>"; };
		8927C56A27F72ACC00C435CE /* WeatherResponseModel.swift */ = {isa = PBXFileReference; lastKnownFileType = sourcecode.swift; path = WeatherResponseModel.swift; sourceTree = "<group>"; };
		8927C56C27F72AD700C435CE /* WeatherRouter.swift */ = {isa = PBXFileReference; lastKnownFileType = sourcecode.swift; path = WeatherRouter.swift; sourceTree = "<group>"; };
		8927C56E27F72AF100C435CE /* ViewType.swift */ = {isa = PBXFileReference; lastKnownFileType = sourcecode.swift; path = ViewType.swift; sourceTree = "<group>"; };
		8927C57027F72AFE00C435CE /* InteractorType.swift */ = {isa = PBXFileReference; lastKnownFileType = sourcecode.swift; path = InteractorType.swift; sourceTree = "<group>"; };
		8927C57227F72B0B00C435CE /* PresenterType.swift */ = {isa = PBXFileReference; lastKnownFileType = sourcecode.swift; path = PresenterType.swift; sourceTree = "<group>"; };
		8927C57427F72B1800C435CE /* RouterType.swift */ = {isa = PBXFileReference; lastKnownFileType = sourcecode.swift; path = RouterType.swift; sourceTree = "<group>"; };
		8927C57827F72B9100C435CE /* WeatherRequestModel.swift */ = {isa = PBXFileReference; lastKnownFileType = sourcecode.swift; path = WeatherRequestModel.swift; sourceTree = "<group>"; };
		89CB5F9127F865640098C675 /* WeatherBaseLabel.swift */ = {isa = PBXFileReference; lastKnownFileType = sourcecode.swift; path = WeatherBaseLabel.swift; sourceTree = "<group>"; };
		89CB5F9427F865930098C675 /* UIView+Ext.swift */ = {isa = PBXFileReference; lastKnownFileType = sourcecode.swift; path = "UIView+Ext.swift"; sourceTree = "<group>"; };
		89CB5F9627F8674B0098C675 /* AppRouter.swift */ = {isa = PBXFileReference; lastKnownFileType = sourcecode.swift; path = AppRouter.swift; sourceTree = "<group>"; };
		89CB5F9827F86EB00098C675 /* WeatherBaseImageView.swift */ = {isa = PBXFileReference; lastKnownFileType = sourcecode.swift; path = WeatherBaseImageView.swift; sourceTree = "<group>"; };
/* End PBXFileReference section */

/* Begin PBXFrameworksBuildPhase section */
		8927C52327F7296C00C435CE /* Frameworks */ = {
			isa = PBXFrameworksBuildPhase;
			buildActionMask = 2147483647;
			files = (
				89CB5F8A27F8649B0098C675 /* Kingfisher in Frameworks */,
				89CB5F8727F864900098C675 /* RxSwift in Frameworks */,
				89CB5F9027F864D30098C675 /* Moya in Frameworks */,
				89CB5F8527F864900098C675 /* RxRelay in Frameworks */,
				89CB5F8327F864900098C675 /* RxCocoa in Frameworks */,
				89CB5F8D27F864AA0098C675 /* SnapKit in Frameworks */,
			);
			runOnlyForDeploymentPostprocessing = 0;
		};
		8927C53927F7296D00C435CE /* Frameworks */ = {
			isa = PBXFrameworksBuildPhase;
			buildActionMask = 2147483647;
			files = (
			);
			runOnlyForDeploymentPostprocessing = 0;
		};
		8927C54327F7296D00C435CE /* Frameworks */ = {
			isa = PBXFrameworksBuildPhase;
			buildActionMask = 2147483647;
			files = (
			);
			runOnlyForDeploymentPostprocessing = 0;
		};
/* End PBXFrameworksBuildPhase section */

/* Begin PBXGroup section */
		8927C51D27F7296C00C435CE = {
			isa = PBXGroup;
			children = (
				8927C52827F7296C00C435CE /* WeatherByVIPER */,
				8927C53F27F7296D00C435CE /* WeatherByVIPERTests */,
				8927C54927F7296D00C435CE /* WeatherByVIPERUITests */,
				8927C52727F7296C00C435CE /* Products */,
			);
			sourceTree = "<group>";
		};
		8927C52727F7296C00C435CE /* Products */ = {
			isa = PBXGroup;
			children = (
				8927C52627F7296C00C435CE /* WeatherByVIPER.app */,
				8927C53C27F7296D00C435CE /* WeatherByVIPERTests.xctest */,
				8927C54627F7296D00C435CE /* WeatherByVIPERUITests.xctest */,
			);
			name = Products;
			sourceTree = "<group>";
		};
		8927C52827F7296C00C435CE /* WeatherByVIPER */ = {
			isa = PBXGroup;
			children = (
				8927C56427F72A8000C435CE /* Utils */,
				8927C55D27F729C400C435CE /* Scene */,
				8927C55C27F729B600C435CE /* Resources */,
				8927C55927F7297300C435CE /* APIkey */,
				8927C53727F7296D00C435CE /* Info.plist */,
			);
			path = WeatherByVIPER;
			sourceTree = "<group>";
		};
		8927C53F27F7296D00C435CE /* WeatherByVIPERTests */ = {
			isa = PBXGroup;
			children = (
				8927C54027F7296D00C435CE /* WeatherByVIPERTests.swift */,
			);
			path = WeatherByVIPERTests;
			sourceTree = "<group>";
		};
		8927C54927F7296D00C435CE /* WeatherByVIPERUITests */ = {
			isa = PBXGroup;
			children = (
				8927C54A27F7296D00C435CE /* WeatherByVIPERUITests.swift */,
				8927C54C27F7296D00C435CE /* WeatherByVIPERUITestsLaunchTests.swift */,
			);
			path = WeatherByVIPERUITests;
			sourceTree = "<group>";
		};
		8927C55927F7297300C435CE /* APIkey */ = {
			isa = PBXGroup;
			children = (
				8927C55A27F7298100C435CE /* URLComponents.swift */,
			);
			path = APIkey;
			sourceTree = "<group>";
		};
		8927C55C27F729B600C435CE /* Resources */ = {
			isa = PBXGroup;
			children = (
				8927C52927F7296C00C435CE /* AppDelegate.swift */,
				8927C52B27F7296C00C435CE /* SceneDelegate.swift */,
				8927C53227F7296D00C435CE /* Assets.xcassets */,
				8927C53427F7296D00C435CE /* LaunchScreen.storyboard */,
				89CB5F9627F8674B0098C675 /* AppRouter.swift */,
			);
			path = Resources;
			sourceTree = "<group>";
		};
		8927C55D27F729C400C435CE /* Scene */ = {
			isa = PBXGroup;
			children = (
				8927C55E27F729F800C435CE /* Weather */,
			);
			path = Scene;
			sourceTree = "<group>";
		};
		8927C55E27F729F800C435CE /* Weather */ = {
			isa = PBXGroup;
			children = (
				8927C56327F72A6600C435CE /* View */,
				8927C56227F72A5D00C435CE /* Interactor */,
				8927C56027F72A3F00C435CE /* Presenter */,
				8927C56127F72A4D00C435CE /* Entity */,
				8927C55F27F72A0600C435CE /* Router */,
			);
			path = Weather;
			sourceTree = "<group>";
		};
		8927C55F27F72A0600C435CE /* Router */ = {
			isa = PBXGroup;
			children = (
				8927C56C27F72AD700C435CE /* WeatherRouter.swift */,
			);
			path = Router;
			sourceTree = "<group>";
		};
		8927C56027F72A3F00C435CE /* Presenter */ = {
			isa = PBXGroup;
			children = (
				8927C56827F72AC100C435CE /* WeatherPresenter.swift */,
			);
			path = Presenter;
			sourceTree = "<group>";
		};
		8927C56127F72A4D00C435CE /* Entity */ = {
			isa = PBXGroup;
			children = (
				8927C57727F72B6E00C435CE /* Request */,
				8927C57627F72B6800C435CE /* Response */,
			);
			path = Entity;
			sourceTree = "<group>";
		};
		8927C56227F72A5D00C435CE /* Interactor */ = {
			isa = PBXGroup;
			children = (
				8927C56627F72AB500C435CE /* WeatherInteractor.swift */,
			);
			path = Interactor;
			sourceTree = "<group>";
		};
		8927C56327F72A6600C435CE /* View */ = {
			isa = PBXGroup;
			children = (
				8927C52D27F7296C00C435CE /* WeatherViewController.swift */,
				89CB5F9127F865640098C675 /* WeatherBaseLabel.swift */,
				89CB5F9827F86EB00098C675 /* WeatherBaseImageView.swift */,
			);
			path = View;
			sourceTree = "<group>";
		};
		8927C56427F72A8000C435CE /* Utils */ = {
			isa = PBXGroup;
			children = (
				89CB5F9327F865840098C675 /* Extension */,
				8927C56527F72A8700C435CE /* Protocols */,
			);
			path = Utils;
			sourceTree = "<group>";
		};
		8927C56527F72A8700C435CE /* Protocols */ = {
			isa = PBXGroup;
			children = (
				8927C56E27F72AF100C435CE /* ViewType.swift */,
				8927C57027F72AFE00C435CE /* InteractorType.swift */,
				8927C57227F72B0B00C435CE /* PresenterType.swift */,
				8927C57427F72B1800C435CE /* RouterType.swift */,
			);
			path = Protocols;
			sourceTree = "<group>";
		};
		8927C57627F72B6800C435CE /* Response */ = {
			isa = PBXGroup;
			children = (
				8927C56A27F72ACC00C435CE /* WeatherResponseModel.swift */,
			);
			path = Response;
			sourceTree = "<group>";
		};
		8927C57727F72B6E00C435CE /* Request */ = {
			isa = PBXGroup;
			children = (
				8927C57827F72B9100C435CE /* WeatherRequestModel.swift */,
			);
			path = Request;
			sourceTree = "<group>";
		};
		89CB5F9327F865840098C675 /* Extension */ = {
			isa = PBXGroup;
			children = (
				89CB5F9427F865930098C675 /* UIView+Ext.swift */,
			);
			path = Extension;
			sourceTree = "<group>";
		};
/* End PBXGroup section */

/* Begin PBXNativeTarget section */
		8927C52527F7296C00C435CE /* WeatherByVIPER */ = {
			isa = PBXNativeTarget;
			buildConfigurationList = 8927C55027F7296D00C435CE /* Build configuration list for PBXNativeTarget "WeatherByVIPER" */;
			buildPhases = (
				8927C52227F7296C00C435CE /* Sources */,
				8927C52327F7296C00C435CE /* Frameworks */,
				8927C52427F7296C00C435CE /* Resources */,
			);
			buildRules = (
			);
			dependencies = (
			);
			name = WeatherByVIPER;
			packageProductDependencies = (
				89CB5F8227F864900098C675 /* RxCocoa */,
				89CB5F8427F864900098C675 /* RxRelay */,
				89CB5F8627F864900098C675 /* RxSwift */,
				89CB5F8927F8649B0098C675 /* Kingfisher */,
				89CB5F8C27F864AA0098C675 /* SnapKit */,
				89CB5F8F27F864D30098C675 /* Moya */,
			);
			productName = WeatherByVIPER;
			productReference = 8927C52627F7296C00C435CE /* WeatherByVIPER.app */;
			productType = "com.apple.product-type.application";
		};
		8927C53B27F7296D00C435CE /* WeatherByVIPERTests */ = {
			isa = PBXNativeTarget;
			buildConfigurationList = 8927C55327F7296D00C435CE /* Build configuration list for PBXNativeTarget "WeatherByVIPERTests" */;
			buildPhases = (
				8927C53827F7296D00C435CE /* Sources */,
				8927C53927F7296D00C435CE /* Frameworks */,
				8927C53A27F7296D00C435CE /* Resources */,
			);
			buildRules = (
			);
			dependencies = (
				8927C53E27F7296D00C435CE /* PBXTargetDependency */,
			);
			name = WeatherByVIPERTests;
			productName = WeatherByVIPERTests;
			productReference = 8927C53C27F7296D00C435CE /* WeatherByVIPERTests.xctest */;
			productType = "com.apple.product-type.bundle.unit-test";
		};
		8927C54527F7296D00C435CE /* WeatherByVIPERUITests */ = {
			isa = PBXNativeTarget;
			buildConfigurationList = 8927C55627F7296D00C435CE /* Build configuration list for PBXNativeTarget "WeatherByVIPERUITests" */;
			buildPhases = (
				8927C54227F7296D00C435CE /* Sources */,
				8927C54327F7296D00C435CE /* Frameworks */,
				8927C54427F7296D00C435CE /* Resources */,
			);
			buildRules = (
			);
			dependencies = (
				8927C54827F7296D00C435CE /* PBXTargetDependency */,
			);
			name = WeatherByVIPERUITests;
			productName = WeatherByVIPERUITests;
			productReference = 8927C54627F7296D00C435CE /* WeatherByVIPERUITests.xctest */;
			productType = "com.apple.product-type.bundle.ui-testing";
		};
/* End PBXNativeTarget section */

/* Begin PBXProject section */
		8927C51E27F7296C00C435CE /* Project object */ = {
			isa = PBXProject;
			attributes = {
				BuildIndependentTargetsInParallel = 1;
				LastSwiftUpdateCheck = 1330;
				LastUpgradeCheck = 1330;
				TargetAttributes = {
					8927C52527F7296C00C435CE = {
						CreatedOnToolsVersion = 13.3;
					};
					8927C53B27F7296D00C435CE = {
						CreatedOnToolsVersion = 13.3;
						TestTargetID = 8927C52527F7296C00C435CE;
					};
					8927C54527F7296D00C435CE = {
						CreatedOnToolsVersion = 13.3;
						TestTargetID = 8927C52527F7296C00C435CE;
					};
				};
			};
			buildConfigurationList = 8927C52127F7296C00C435CE /* Build configuration list for PBXProject "WeatherByVIPER" */;
			compatibilityVersion = "Xcode 13.0";
			developmentRegion = en;
			hasScannedForEncodings = 0;
			knownRegions = (
				en,
				Base,
			);
			mainGroup = 8927C51D27F7296C00C435CE;
			packageReferences = (
				89CB5F8127F864900098C675 /* XCRemoteSwiftPackageReference "RxSwift" */,
				89CB5F8827F8649B0098C675 /* XCRemoteSwiftPackageReference "Kingfisher" */,
				89CB5F8B27F864AA0098C675 /* XCRemoteSwiftPackageReference "SnapKit" */,
				89CB5F8E27F864D30098C675 /* XCRemoteSwiftPackageReference "Moya" */,
			);
			productRefGroup = 8927C52727F7296C00C435CE /* Products */;
			projectDirPath = "";
			projectRoot = "";
			targets = (
				8927C52527F7296C00C435CE /* WeatherByVIPER */,
				8927C53B27F7296D00C435CE /* WeatherByVIPERTests */,
				8927C54527F7296D00C435CE /* WeatherByVIPERUITests */,
			);
		};
/* End PBXProject section */

/* Begin PBXResourcesBuildPhase section */
		8927C52427F7296C00C435CE /* Resources */ = {
			isa = PBXResourcesBuildPhase;
			buildActionMask = 2147483647;
			files = (
				8927C53627F7296D00C435CE /* LaunchScreen.storyboard in Resources */,
				8927C53327F7296D00C435CE /* Assets.xcassets in Resources */,
			);
			runOnlyForDeploymentPostprocessing = 0;
		};
		8927C53A27F7296D00C435CE /* Resources */ = {
			isa = PBXResourcesBuildPhase;
			buildActionMask = 2147483647;
			files = (
			);
			runOnlyForDeploymentPostprocessing = 0;
		};
		8927C54427F7296D00C435CE /* Resources */ = {
			isa = PBXResourcesBuildPhase;
			buildActionMask = 2147483647;
			files = (
			);
			runOnlyForDeploymentPostprocessing = 0;
		};
/* End PBXResourcesBuildPhase section */

/* Begin PBXSourcesBuildPhase section */
		8927C52227F7296C00C435CE /* Sources */ = {
			isa = PBXSourcesBuildPhase;
			buildActionMask = 2147483647;
			files = (
				8927C52E27F7296C00C435CE /* WeatherViewController.swift in Sources */,
				89CB5F9227F865640098C675 /* WeatherBaseLabel.swift in Sources */,
				89CB5F9927F86EB00098C675 /* WeatherBaseImageView.swift in Sources */,
				89CB5F9527F865930098C675 /* UIView+Ext.swift in Sources */,
				8927C56927F72AC100C435CE /* WeatherPresenter.swift in Sources */,
				8927C57527F72B1800C435CE /* RouterType.swift in Sources */,
				8927C52A27F7296C00C435CE /* AppDelegate.swift in Sources */,
				8927C56B27F72ACC00C435CE /* WeatherResponseModel.swift in Sources */,
				8927C57127F72AFE00C435CE /* InteractorType.swift in Sources */,
				8927C57327F72B0B00C435CE /* PresenterType.swift in Sources */,
				8927C57927F72B9100C435CE /* WeatherRequestModel.swift in Sources */,
				8927C56727F72AB500C435CE /* WeatherInteractor.swift in Sources */,
				8927C52C27F7296C00C435CE /* SceneDelegate.swift in Sources */,
				89CB5F9727F8674B0098C675 /* AppRouter.swift in Sources */,
				8927C56F27F72AF100C435CE /* ViewType.swift in Sources */,
				8927C55B27F7298100C435CE /* URLComponents.swift in Sources */,
				8927C56D27F72AD700C435CE /* WeatherRouter.swift in Sources */,
			);
			runOnlyForDeploymentPostprocessing = 0;
		};
		8927C53827F7296D00C435CE /* Sources */ = {
			isa = PBXSourcesBuildPhase;
			buildActionMask = 2147483647;
			files = (
				8927C54127F7296D00C435CE /* WeatherByVIPERTests.swift in Sources */,
			);
			runOnlyForDeploymentPostprocessing = 0;
		};
		8927C54227F7296D00C435CE /* Sources */ = {
			isa = PBXSourcesBuildPhase;
			buildActionMask = 2147483647;
			files = (
				8927C54B27F7296D00C435CE /* WeatherByVIPERUITests.swift in Sources */,
				8927C54D27F7296D00C435CE /* WeatherByVIPERUITestsLaunchTests.swift in Sources */,
			);
			runOnlyForDeploymentPostprocessing = 0;
		};
/* End PBXSourcesBuildPhase section */

/* Begin PBXTargetDependency section */
		8927C53E27F7296D00C435CE /* PBXTargetDependency */ = {
			isa = PBXTargetDependency;
			target = 8927C52527F7296C00C435CE /* WeatherByVIPER */;
			targetProxy = 8927C53D27F7296D00C435CE /* PBXContainerItemProxy */;
		};
		8927C54827F7296D00C435CE /* PBXTargetDependency */ = {
			isa = PBXTargetDependency;
			target = 8927C52527F7296C00C435CE /* WeatherByVIPER */;
			targetProxy = 8927C54727F7296D00C435CE /* PBXContainerItemProxy */;
		};
/* End PBXTargetDependency section */

/* Begin PBXVariantGroup section */
		8927C53427F7296D00C435CE /* LaunchScreen.storyboard */ = {
			isa = PBXVariantGroup;
			children = (
				8927C53527F7296D00C435CE /* Base */,
			);
			name = LaunchScreen.storyboard;
			sourceTree = "<group>";
		};
/* End PBXVariantGroup section */

/* Begin XCBuildConfiguration section */
		8927C54E27F7296D00C435CE /* Debug */ = {
			isa = XCBuildConfiguration;
			buildSettings = {
				ALWAYS_SEARCH_USER_PATHS = NO;
				CLANG_ANALYZER_NONNULL = YES;
				CLANG_ANALYZER_NUMBER_OBJECT_CONVERSION = YES_AGGRESSIVE;
				CLANG_CXX_LANGUAGE_STANDARD = "gnu++17";
				CLANG_ENABLE_MODULES = YES;
				CLANG_ENABLE_OBJC_ARC = YES;
				CLANG_ENABLE_OBJC_WEAK = YES;
				CLANG_WARN_BLOCK_CAPTURE_AUTORELEASING = YES;
				CLANG_WARN_BOOL_CONVERSION = YES;
				CLANG_WARN_COMMA = YES;
				CLANG_WARN_CONSTANT_CONVERSION = YES;
				CLANG_WARN_DEPRECATED_OBJC_IMPLEMENTATIONS = YES;
				CLANG_WARN_DIRECT_OBJC_ISA_USAGE = YES_ERROR;
				CLANG_WARN_DOCUMENTATION_COMMENTS = YES;
				CLANG_WARN_EMPTY_BODY = YES;
				CLANG_WARN_ENUM_CONVERSION = YES;
				CLANG_WARN_INFINITE_RECURSION = YES;
				CLANG_WARN_INT_CONVERSION = YES;
				CLANG_WARN_NON_LITERAL_NULL_CONVERSION = YES;
				CLANG_WARN_OBJC_IMPLICIT_RETAIN_SELF = YES;
				CLANG_WARN_OBJC_LITERAL_CONVERSION = YES;
				CLANG_WARN_OBJC_ROOT_CLASS = YES_ERROR;
				CLANG_WARN_QUOTED_INCLUDE_IN_FRAMEWORK_HEADER = YES;
				CLANG_WARN_RANGE_LOOP_ANALYSIS = YES;
				CLANG_WARN_STRICT_PROTOTYPES = YES;
				CLANG_WARN_SUSPICIOUS_MOVE = YES;
				CLANG_WARN_UNGUARDED_AVAILABILITY = YES_AGGRESSIVE;
				CLANG_WARN_UNREACHABLE_CODE = YES;
				CLANG_WARN__DUPLICATE_METHOD_MATCH = YES;
				COPY_PHASE_STRIP = NO;
				DEBUG_INFORMATION_FORMAT = dwarf;
				ENABLE_STRICT_OBJC_MSGSEND = YES;
				ENABLE_TESTABILITY = YES;
				GCC_C_LANGUAGE_STANDARD = gnu11;
				GCC_DYNAMIC_NO_PIC = NO;
				GCC_NO_COMMON_BLOCKS = YES;
				GCC_OPTIMIZATION_LEVEL = 0;
				GCC_PREPROCESSOR_DEFINITIONS = (
					"DEBUG=1",
					"$(inherited)",
				);
				GCC_WARN_64_TO_32_BIT_CONVERSION = YES;
				GCC_WARN_ABOUT_RETURN_TYPE = YES_ERROR;
				GCC_WARN_UNDECLARED_SELECTOR = YES;
				GCC_WARN_UNINITIALIZED_AUTOS = YES_AGGRESSIVE;
				GCC_WARN_UNUSED_FUNCTION = YES;
				GCC_WARN_UNUSED_VARIABLE = YES;
				IPHONEOS_DEPLOYMENT_TARGET = 15.4;
				MTL_ENABLE_DEBUG_INFO = INCLUDE_SOURCE;
				MTL_FAST_MATH = YES;
				ONLY_ACTIVE_ARCH = YES;
				SDKROOT = iphoneos;
				SWIFT_ACTIVE_COMPILATION_CONDITIONS = DEBUG;
				SWIFT_OPTIMIZATION_LEVEL = "-Onone";
			};
			name = Debug;
		};
		8927C54F27F7296D00C435CE /* Release */ = {
			isa = XCBuildConfiguration;
			buildSettings = {
				ALWAYS_SEARCH_USER_PATHS = NO;
				CLANG_ANALYZER_NONNULL = YES;
				CLANG_ANALYZER_NUMBER_OBJECT_CONVERSION = YES_AGGRESSIVE;
				CLANG_CXX_LANGUAGE_STANDARD = "gnu++17";
				CLANG_ENABLE_MODULES = YES;
				CLANG_ENABLE_OBJC_ARC = YES;
				CLANG_ENABLE_OBJC_WEAK = YES;
				CLANG_WARN_BLOCK_CAPTURE_AUTORELEASING = YES;
				CLANG_WARN_BOOL_CONVERSION = YES;
				CLANG_WARN_COMMA = YES;
				CLANG_WARN_CONSTANT_CONVERSION = YES;
				CLANG_WARN_DEPRECATED_OBJC_IMPLEMENTATIONS = YES;
				CLANG_WARN_DIRECT_OBJC_ISA_USAGE = YES_ERROR;
				CLANG_WARN_DOCUMENTATION_COMMENTS = YES;
				CLANG_WARN_EMPTY_BODY = YES;
				CLANG_WARN_ENUM_CONVERSION = YES;
				CLANG_WARN_INFINITE_RECURSION = YES;
				CLANG_WARN_INT_CONVERSION = YES;
				CLANG_WARN_NON_LITERAL_NULL_CONVERSION = YES;
				CLANG_WARN_OBJC_IMPLICIT_RETAIN_SELF = YES;
				CLANG_WARN_OBJC_LITERAL_CONVERSION = YES;
				CLANG_WARN_OBJC_ROOT_CLASS = YES_ERROR;
				CLANG_WARN_QUOTED_INCLUDE_IN_FRAMEWORK_HEADER = YES;
				CLANG_WARN_RANGE_LOOP_ANALYSIS = YES;
				CLANG_WARN_STRICT_PROTOTYPES = YES;
				CLANG_WARN_SUSPICIOUS_MOVE = YES;
				CLANG_WARN_UNGUARDED_AVAILABILITY = YES_AGGRESSIVE;
				CLANG_WARN_UNREACHABLE_CODE = YES;
				CLANG_WARN__DUPLICATE_METHOD_MATCH = YES;
				COPY_PHASE_STRIP = NO;
				DEBUG_INFORMATION_FORMAT = "dwarf-with-dsym";
				ENABLE_NS_ASSERTIONS = NO;
				ENABLE_STRICT_OBJC_MSGSEND = YES;
				GCC_C_LANGUAGE_STANDARD = gnu11;
				GCC_NO_COMMON_BLOCKS = YES;
				GCC_WARN_64_TO_32_BIT_CONVERSION = YES;
				GCC_WARN_ABOUT_RETURN_TYPE = YES_ERROR;
				GCC_WARN_UNDECLARED_SELECTOR = YES;
				GCC_WARN_UNINITIALIZED_AUTOS = YES_AGGRESSIVE;
				GCC_WARN_UNUSED_FUNCTION = YES;
				GCC_WARN_UNUSED_VARIABLE = YES;
				IPHONEOS_DEPLOYMENT_TARGET = 15.4;
				MTL_ENABLE_DEBUG_INFO = NO;
				MTL_FAST_MATH = YES;
				SDKROOT = iphoneos;
				SWIFT_COMPILATION_MODE = wholemodule;
				SWIFT_OPTIMIZATION_LEVEL = "-O";
				VALIDATE_PRODUCT = YES;
			};
			name = Release;
		};
		8927C55127F7296D00C435CE /* Debug */ = {
			isa = XCBuildConfiguration;
			buildSettings = {
				ASSETCATALOG_COMPILER_APPICON_NAME = AppIcon;
				ASSETCATALOG_COMPILER_GLOBAL_ACCENT_COLOR_NAME = AccentColor;
				CODE_SIGN_STYLE = Automatic;
				CURRENT_PROJECT_VERSION = 1;
				GENERATE_INFOPLIST_FILE = YES;
				INFOPLIST_FILE = WeatherByVIPER/Info.plist;
				INFOPLIST_KEY_UIApplicationSupportsIndirectInputEvents = YES;
				INFOPLIST_KEY_UILaunchStoryboardName = LaunchScreen;
				INFOPLIST_KEY_UISupportedInterfaceOrientations_iPad = "UIInterfaceOrientationPortrait UIInterfaceOrientationPortraitUpsideDown UIInterfaceOrientationLandscapeLeft UIInterfaceOrientationLandscapeRight";
				INFOPLIST_KEY_UISupportedInterfaceOrientations_iPhone = "UIInterfaceOrientationPortrait UIInterfaceOrientationLandscapeLeft UIInterfaceOrientationLandscapeRight";
				LD_RUNPATH_SEARCH_PATHS = (
					"$(inherited)",
					"@executable_path/Frameworks",
				);
				MARKETING_VERSION = 1.0;
				PRODUCT_BUNDLE_IDENTIFIER = com.JDman.WeatherByVIPER;
				PRODUCT_NAME = "$(TARGET_NAME)";
				SWIFT_EMIT_LOC_STRINGS = YES;
				SWIFT_VERSION = 5.0;
				TARGETED_DEVICE_FAMILY = "1,2";
			};
			name = Debug;
		};
		8927C55227F7296D00C435CE /* Release */ = {
			isa = XCBuildConfiguration;
			buildSettings = {
				ASSETCATALOG_COMPILER_APPICON_NAME = AppIcon;
				ASSETCATALOG_COMPILER_GLOBAL_ACCENT_COLOR_NAME = AccentColor;
				CODE_SIGN_STYLE = Automatic;
				CURRENT_PROJECT_VERSION = 1;
				GENERATE_INFOPLIST_FILE = YES;
				INFOPLIST_FILE = WeatherByVIPER/Info.plist;
				INFOPLIST_KEY_UIApplicationSupportsIndirectInputEvents = YES;
				INFOPLIST_KEY_UILaunchStoryboardName = LaunchScreen;
				INFOPLIST_KEY_UISupportedInterfaceOrientations_iPad = "UIInterfaceOrientationPortrait UIInterfaceOrientationPortraitUpsideDown UIInterfaceOrientationLandscapeLeft UIInterfaceOrientationLandscapeRight";
				INFOPLIST_KEY_UISupportedInterfaceOrientations_iPhone = "UIInterfaceOrientationPortrait UIInterfaceOrientationLandscapeLeft UIInterfaceOrientationLandscapeRight";
				LD_RUNPATH_SEARCH_PATHS = (
					"$(inherited)",
					"@executable_path/Frameworks",
				);
				MARKETING_VERSION = 1.0;
				PRODUCT_BUNDLE_IDENTIFIER = com.JDman.WeatherByVIPER;
				PRODUCT_NAME = "$(TARGET_NAME)";
				SWIFT_EMIT_LOC_STRINGS = YES;
				SWIFT_VERSION = 5.0;
				TARGETED_DEVICE_FAMILY = "1,2";
			};
			name = Release;
		};
		8927C55427F7296D00C435CE /* Debug */ = {
			isa = XCBuildConfiguration;
			buildSettings = {
				ALWAYS_EMBED_SWIFT_STANDARD_LIBRARIES = YES;
				BUNDLE_LOADER = "$(TEST_HOST)";
				CODE_SIGN_STYLE = Automatic;
				CURRENT_PROJECT_VERSION = 1;
				GENERATE_INFOPLIST_FILE = YES;
				IPHONEOS_DEPLOYMENT_TARGET = 15.4;
				MARKETING_VERSION = 1.0;
				PRODUCT_BUNDLE_IDENTIFIER = com.JDman.WeatherByVIPERTests;
				PRODUCT_NAME = "$(TARGET_NAME)";
				SWIFT_EMIT_LOC_STRINGS = NO;
				SWIFT_VERSION = 5.0;
				TARGETED_DEVICE_FAMILY = "1,2";
				TEST_HOST = "$(BUILT_PRODUCTS_DIR)/WeatherByVIPER.app/WeatherByVIPER";
			};
			name = Debug;
		};
		8927C55527F7296D00C435CE /* Release */ = {
			isa = XCBuildConfiguration;
			buildSettings = {
				ALWAYS_EMBED_SWIFT_STANDARD_LIBRARIES = YES;
				BUNDLE_LOADER = "$(TEST_HOST)";
				CODE_SIGN_STYLE = Automatic;
				CURRENT_PROJECT_VERSION = 1;
				GENERATE_INFOPLIST_FILE = YES;
				IPHONEOS_DEPLOYMENT_TARGET = 15.4;
				MARKETING_VERSION = 1.0;
				PRODUCT_BUNDLE_IDENTIFIER = com.JDman.WeatherByVIPERTests;
				PRODUCT_NAME = "$(TARGET_NAME)";
				SWIFT_EMIT_LOC_STRINGS = NO;
				SWIFT_VERSION = 5.0;
				TARGETED_DEVICE_FAMILY = "1,2";
				TEST_HOST = "$(BUILT_PRODUCTS_DIR)/WeatherByVIPER.app/WeatherByVIPER";
			};
			name = Release;
		};
		8927C55727F7296D00C435CE /* Debug */ = {
			isa = XCBuildConfiguration;
			buildSettings = {
				ALWAYS_EMBED_SWIFT_STANDARD_LIBRARIES = YES;
				CODE_SIGN_STYLE = Automatic;
				CURRENT_PROJECT_VERSION = 1;
				GENERATE_INFOPLIST_FILE = YES;
				MARKETING_VERSION = 1.0;
				PRODUCT_BUNDLE_IDENTIFIER = com.JDman.WeatherByVIPERUITests;
				PRODUCT_NAME = "$(TARGET_NAME)";
				SWIFT_EMIT_LOC_STRINGS = NO;
				SWIFT_VERSION = 5.0;
				TARGETED_DEVICE_FAMILY = "1,2";
				TEST_TARGET_NAME = WeatherByVIPER;
			};
			name = Debug;
		};
		8927C55827F7296D00C435CE /* Release */ = {
			isa = XCBuildConfiguration;
			buildSettings = {
				ALWAYS_EMBED_SWIFT_STANDARD_LIBRARIES = YES;
				CODE_SIGN_STYLE = Automatic;
				CURRENT_PROJECT_VERSION = 1;
				GENERATE_INFOPLIST_FILE = YES;
				MARKETING_VERSION = 1.0;
				PRODUCT_BUNDLE_IDENTIFIER = com.JDman.WeatherByVIPERUITests;
				PRODUCT_NAME = "$(TARGET_NAME)";
				SWIFT_EMIT_LOC_STRINGS = NO;
				SWIFT_VERSION = 5.0;
				TARGETED_DEVICE_FAMILY = "1,2";
				TEST_TARGET_NAME = WeatherByVIPER;
			};
			name = Release;
		};
/* End XCBuildConfiguration section */

/* Begin XCConfigurationList section */
		8927C52127F7296C00C435CE /* Build configuration list for PBXProject "WeatherByVIPER" */ = {
			isa = XCConfigurationList;
			buildConfigurations = (
				8927C54E27F7296D00C435CE /* Debug */,
				8927C54F27F7296D00C435CE /* Release */,
			);
			defaultConfigurationIsVisible = 0;
			defaultConfigurationName = Release;
		};
		8927C55027F7296D00C435CE /* Build configuration list for PBXNativeTarget "WeatherByVIPER" */ = {
			isa = XCConfigurationList;
			buildConfigurations = (
				8927C55127F7296D00C435CE /* Debug */,
				8927C55227F7296D00C435CE /* Release */,
			);
			defaultConfigurationIsVisible = 0;
			defaultConfigurationName = Release;
		};
		8927C55327F7296D00C435CE /* Build configuration list for PBXNativeTarget "WeatherByVIPERTests" */ = {
			isa = XCConfigurationList;
			buildConfigurations = (
				8927C55427F7296D00C435CE /* Debug */,
				8927C55527F7296D00C435CE /* Release */,
			);
			defaultConfigurationIsVisible = 0;
			defaultConfigurationName = Release;
		};
		8927C55627F7296D00C435CE /* Build configuration list for PBXNativeTarget "WeatherByVIPERUITests" */ = {
			isa = XCConfigurationList;
			buildConfigurations = (
				8927C55727F7296D00C435CE /* Debug */,
				8927C55827F7296D00C435CE /* Release */,
			);
			defaultConfigurationIsVisible = 0;
			defaultConfigurationName = Release;
		};
/* End XCConfigurationList section */

/* Begin XCRemoteSwiftPackageReference section */
		89CB5F8127F864900098C675 /* XCRemoteSwiftPackageReference "RxSwift" */ = {
			isa = XCRemoteSwiftPackageReference;
			repositoryURL = "https://github.com/ReactiveX/RxSwift";
			requirement = {
				kind = upToNextMajorVersion;
				minimumVersion = 6.0.0;
			};
		};
		89CB5F8827F8649B0098C675 /* XCRemoteSwiftPackageReference "Kingfisher" */ = {
			isa = XCRemoteSwiftPackageReference;
			repositoryURL = "https://github.com/onevcat/Kingfisher";
			requirement = {
				kind = upToNextMajorVersion;
				minimumVersion = 7.0.0;
			};
		};
		89CB5F8B27F864AA0098C675 /* XCRemoteSwiftPackageReference "SnapKit" */ = {
			isa = XCRemoteSwiftPackageReference;
			repositoryURL = "https://github.com/SnapKit/SnapKit";
			requirement = {
				kind = upToNextMajorVersion;
				minimumVersion = 5.0.0;
			};
		};
		89CB5F8E27F864D30098C675 /* XCRemoteSwiftPackageReference "Moya" */ = {
			isa = XCRemoteSwiftPackageReference;
			repositoryURL = "https://github.com/Moya/Moya";
			requirement = {
				kind = upToNextMajorVersion;
				minimumVersion = 15.0.0;
			};
		};
/* End XCRemoteSwiftPackageReference section */

/* Begin XCSwiftPackageProductDependency section */
		89CB5F8227F864900098C675 /* RxCocoa */ = {
			isa = XCSwiftPackageProductDependency;
			package = 89CB5F8127F864900098C675 /* XCRemoteSwiftPackageReference "RxSwift" */;
			productName = RxCocoa;
		};
		89CB5F8427F864900098C675 /* RxRelay */ = {
			isa = XCSwiftPackageProductDependency;
			package = 89CB5F8127F864900098C675 /* XCRemoteSwiftPackageReference "RxSwift" */;
			productName = RxRelay;
		};
		89CB5F8627F864900098C675 /* RxSwift */ = {
			isa = XCSwiftPackageProductDependency;
			package = 89CB5F8127F864900098C675 /* XCRemoteSwiftPackageReference "RxSwift" */;
			productName = RxSwift;
		};
		89CB5F8927F8649B0098C675 /* Kingfisher */ = {
			isa = XCSwiftPackageProductDependency;
			package = 89CB5F8827F8649B0098C675 /* XCRemoteSwiftPackageReference "Kingfisher" */;
			productName = Kingfisher;
		};
		89CB5F8C27F864AA0098C675 /* SnapKit */ = {
			isa = XCSwiftPackageProductDependency;
			package = 89CB5F8B27F864AA0098C675 /* XCRemoteSwiftPackageReference "SnapKit" */;
			productName = SnapKit;
		};
		89CB5F8F27F864D30098C675 /* Moya */ = {
			isa = XCSwiftPackageProductDependency;
			package = 89CB5F8E27F864D30098C675 /* XCRemoteSwiftPackageReference "Moya" */;
			productName = Moya;
		};
/* End XCSwiftPackageProductDependency section */
	};
	rootObject = 8927C51E27F7296C00C435CE /* Project object */;
}
