// !$*UTF8*$!
{
	archiveVersion = 1;
	classes = {
	};
	objectVersion = 55;
	objects = {

/* Begin PBXBuildFile section */
		89B597CD2773FE5800D9F67F /* SeSACFramework.framework in Frameworks */ = {isa = PBXBuildFile; fileRef = 89B597C92773FE4A00D9F67F /* SeSACFramework.framework */; };
		89B597CE2773FE5800D9F67F /* SeSACFramework.framework in Embed Frameworks */ = {isa = PBXBuildFile; fileRef = 89B597C92773FE4A00D9F67F /* SeSACFramework.framework */; settings = {ATTRIBUTES = (CodeSignOnCopy, RemoveHeadersOnCopy, ); }; };
		89B597D12773FED500D9F67F /* FrameworkTestViewController.swift in Sources */ = {isa = PBXBuildFile; fileRef = 89B597D02773FED500D9F67F /* FrameworkTestViewController.swift */; };
		89C6A8352771540B0083E426 /* AppDelegate.swift in Sources */ = {isa = PBXBuildFile; fileRef = 89C6A8342771540B0083E426 /* AppDelegate.swift */; };
		89C6A8372771540B0083E426 /* SceneDelegate.swift in Sources */ = {isa = PBXBuildFile; fileRef = 89C6A8362771540B0083E426 /* SceneDelegate.swift */; };
		89C6A8392771540B0083E426 /* ViewController.swift in Sources */ = {isa = PBXBuildFile; fileRef = 89C6A8382771540B0083E426 /* ViewController.swift */; };
		89C6A83E2771540C0083E426 /* Assets.xcassets in Resources */ = {isa = PBXBuildFile; fileRef = 89C6A83D2771540C0083E426 /* Assets.xcassets */; };
		89C6A8412771540C0083E426 /* LaunchScreen.storyboard in Resources */ = {isa = PBXBuildFile; fileRef = 89C6A83F2771540C0083E426 /* LaunchScreen.storyboard */; };
		89C6A84A277156260083E426 /* SnapKit in Frameworks */ = {isa = PBXBuildFile; productRef = 89C6A849277156260083E426 /* SnapKit */; };
		89C6A84C27715BD30083E426 /* APIService.swift in Sources */ = {isa = PBXBuildFile; fileRef = 89C6A84B27715BD30083E426 /* APIService.swift */; };
		89C6A84E2771674F0083E426 /* Cast.swift in Sources */ = {isa = PBXBuildFile; fileRef = 89C6A84D2771674F0083E426 /* Cast.swift */; };
		89C6A850277174530083E426 /* UITableViewCell+Extension.swift in Sources */ = {isa = PBXBuildFile; fileRef = 89C6A84F277174530083E426 /* UITableViewCell+Extension.swift */; };
		89C6A8522771762E0083E426 /* DummyViewController.swift in Sources */ = {isa = PBXBuildFile; fileRef = 89C6A8512771762E0083E426 /* DummyViewController.swift */; };
		89C6A854277177260083E426 /* DummyData.swift in Sources */ = {isa = PBXBuildFile; fileRef = 89C6A853277177260083E426 /* DummyData.swift */; };
		89C6A856277178BC0083E426 /* UITableViewCellRepresentable.swift in Sources */ = {isa = PBXBuildFile; fileRef = 89C6A855277178BC0083E426 /* UITableViewCellRepresentable.swift */; };
		89D58B262772A59C0065D259 /* BaseViewController.swift in Sources */ = {isa = PBXBuildFile; fileRef = 89D58B252772A59C0065D259 /* BaseViewController.swift */; };
		89D58B292772A77D0065D259 /* NASAViewController.swift in Sources */ = {isa = PBXBuildFile; fileRef = 89D58B282772A77D0065D259 /* NASAViewController.swift */; };
		89D58B2C2772A91E0065D259 /* SignViewController.swift in Sources */ = {isa = PBXBuildFile; fileRef = 89D58B2B2772A91E0065D259 /* SignViewController.swift */; };
		89D58B2E2772A99A0065D259 /* SignView.swift in Sources */ = {isa = PBXBuildFile; fileRef = 89D58B2D2772A9990065D259 /* SignView.swift */; };
		89D58B312772BF740065D259 /* Alamofire in Frameworks */ = {isa = PBXBuildFile; productRef = 89D58B302772BF740065D259 /* Alamofire */; };
		89D58B332772C6E80065D259 /* SignViewModel.swift in Sources */ = {isa = PBXBuildFile; fileRef = 89D58B322772C6E80065D259 /* SignViewModel.swift */; };
/* End PBXBuildFile section */

/* Begin PBXContainerItemProxy section */
		89B597C82773FE4A00D9F67F /* PBXContainerItemProxy */ = {
			isa = PBXContainerItemProxy;
			containerPortal = 89B597C32773FE4A00D9F67F /* SeSACFramework.xcodeproj */;
			proxyType = 2;
			remoteGlobalIDString = 89B5977A2773FB5A00D9F67F;
			remoteInfo = SeSACFramework;
		};
		89B597CA2773FE4A00D9F67F /* PBXContainerItemProxy */ = {
			isa = PBXContainerItemProxy;
			containerPortal = 89B597C32773FE4A00D9F67F /* SeSACFramework.xcodeproj */;
			proxyType = 2;
			remoteGlobalIDString = 89B597842773FB5A00D9F67F;
			remoteInfo = SeSACFrameworkTests;
		};
/* End PBXContainerItemProxy section */

/* Begin PBXCopyFilesBuildPhase section */
		89B597CF2773FE5800D9F67F /* Embed Frameworks */ = {
			isa = PBXCopyFilesBuildPhase;
			buildActionMask = 2147483647;
			dstPath = "";
			dstSubfolderSpec = 10;
			files = (
				89B597CE2773FE5800D9F67F /* SeSACFramework.framework in Embed Frameworks */,
			);
			name = "Embed Frameworks";
			runOnlyForDeploymentPostprocessing = 0;
		};
/* End PBXCopyFilesBuildPhase section */

/* Begin PBXFileReference section */
		89B597C32773FE4A00D9F67F /* SeSACFramework.xcodeproj */ = {isa = PBXFileReference; lastKnownFileType = "wrapper.pb-project"; name = SeSACFramework.xcodeproj; path = ../SeSACFramework/SeSACFramework.xcodeproj; sourceTree = "<group>"; };
		89B597D02773FED500D9F67F /* FrameworkTestViewController.swift */ = {isa = PBXFileReference; lastKnownFileType = sourcecode.swift; path = FrameworkTestViewController.swift; sourceTree = "<group>"; };
		89C6A8312771540B0083E426 /* SeSACWeek13.app */ = {isa = PBXFileReference; explicitFileType = wrapper.application; includeInIndex = 0; path = SeSACWeek13.app; sourceTree = BUILT_PRODUCTS_DIR; };
		89C6A8342771540B0083E426 /* AppDelegate.swift */ = {isa = PBXFileReference; lastKnownFileType = sourcecode.swift; path = AppDelegate.swift; sourceTree = "<group>"; };
		89C6A8362771540B0083E426 /* SceneDelegate.swift */ = {isa = PBXFileReference; lastKnownFileType = sourcecode.swift; path = SceneDelegate.swift; sourceTree = "<group>"; };
		89C6A8382771540B0083E426 /* ViewController.swift */ = {isa = PBXFileReference; lastKnownFileType = sourcecode.swift; path = ViewController.swift; sourceTree = "<group>"; };
		89C6A83D2771540C0083E426 /* Assets.xcassets */ = {isa = PBXFileReference; lastKnownFileType = folder.assetcatalog; path = Assets.xcassets; sourceTree = "<group>"; };
		89C6A8402771540C0083E426 /* Base */ = {isa = PBXFileReference; lastKnownFileType = file.storyboard; name = Base; path = Base.lproj/LaunchScreen.storyboard; sourceTree = "<group>"; };
		89C6A8422771540C0083E426 /* Info.plist */ = {isa = PBXFileReference; lastKnownFileType = text.plist.xml; path = Info.plist; sourceTree = "<group>"; };
		89C6A84B27715BD30083E426 /* APIService.swift */ = {isa = PBXFileReference; lastKnownFileType = sourcecode.swift; path = APIService.swift; sourceTree = "<group>"; };
		89C6A84D2771674F0083E426 /* Cast.swift */ = {isa = PBXFileReference; lastKnownFileType = sourcecode.swift; path = Cast.swift; sourceTree = "<group>"; };
		89C6A84F277174530083E426 /* UITableViewCell+Extension.swift */ = {isa = PBXFileReference; lastKnownFileType = sourcecode.swift; path = "UITableViewCell+Extension.swift"; sourceTree = "<group>"; };
		89C6A8512771762E0083E426 /* DummyViewController.swift */ = {isa = PBXFileReference; lastKnownFileType = sourcecode.swift; path = DummyViewController.swift; sourceTree = "<group>"; };
		89C6A853277177260083E426 /* DummyData.swift */ = {isa = PBXFileReference; lastKnownFileType = sourcecode.swift; path = DummyData.swift; sourceTree = "<group>"; };
		89C6A855277178BC0083E426 /* UITableViewCellRepresentable.swift */ = {isa = PBXFileReference; lastKnownFileType = sourcecode.swift; path = UITableViewCellRepresentable.swift; sourceTree = "<group>"; };
		89D58B252772A59C0065D259 /* BaseViewController.swift */ = {isa = PBXFileReference; lastKnownFileType = sourcecode.swift; path = BaseViewController.swift; sourceTree = "<group>"; };
		89D58B282772A77D0065D259 /* NASAViewController.swift */ = {isa = PBXFileReference; lastKnownFileType = sourcecode.swift; path = NASAViewController.swift; sourceTree = "<group>"; };
		89D58B2B2772A91E0065D259 /* SignViewController.swift */ = {isa = PBXFileReference; lastKnownFileType = sourcecode.swift; path = SignViewController.swift; sourceTree = "<group>"; };
		89D58B2D2772A9990065D259 /* SignView.swift */ = {isa = PBXFileReference; lastKnownFileType = sourcecode.swift; path = SignView.swift; sourceTree = "<group>"; };
		89D58B322772C6E80065D259 /* SignViewModel.swift */ = {isa = PBXFileReference; lastKnownFileType = sourcecode.swift; path = SignViewModel.swift; sourceTree = "<group>"; };
/* End PBXFileReference section */

/* Begin PBXFrameworksBuildPhase section */
		89C6A82E2771540B0083E426 /* Frameworks */ = {
			isa = PBXFrameworksBuildPhase;
			buildActionMask = 2147483647;
			files = (
				89B597CD2773FE5800D9F67F /* SeSACFramework.framework in Frameworks */,
				89C6A84A277156260083E426 /* SnapKit in Frameworks */,
				89D58B312772BF740065D259 /* Alamofire in Frameworks */,
			);
			runOnlyForDeploymentPostprocessing = 0;
		};
/* End PBXFrameworksBuildPhase section */

/* Begin PBXGroup section */
		89B597C42773FE4A00D9F67F /* Products */ = {
			isa = PBXGroup;
			children = (
				89B597C92773FE4A00D9F67F /* SeSACFramework.framework */,
				89B597CB2773FE4A00D9F67F /* SeSACFrameworkTests.xctest */,
			);
			name = Products;
			sourceTree = "<group>";
		};
		89B597CC2773FE5800D9F67F /* Frameworks */ = {
			isa = PBXGroup;
			children = (
			);
			name = Frameworks;
			sourceTree = "<group>";
		};
		89C6A8282771540B0083E426 = {
			isa = PBXGroup;
			children = (
				89B597C32773FE4A00D9F67F /* SeSACFramework.xcodeproj */,
				89C6A8332771540B0083E426 /* SeSACWeek13 */,
				89C6A8322771540B0083E426 /* Products */,
				89B597CC2773FE5800D9F67F /* Frameworks */,
			);
			sourceTree = "<group>";
		};
		89C6A8322771540B0083E426 /* Products */ = {
			isa = PBXGroup;
			children = (
				89C6A8312771540B0083E426 /* SeSACWeek13.app */,
			);
			name = Products;
			sourceTree = "<group>";
		};
		89C6A8332771540B0083E426 /* SeSACWeek13 */ = {
			isa = PBXGroup;
			children = (
				89D58B2A2772A9020065D259 /* Sign */,
				89D58B272772A76C0065D259 /* NASA */,
				89C6A84F277174530083E426 /* UITableViewCell+Extension.swift */,
				89C6A8342771540B0083E426 /* AppDelegate.swift */,
				89C6A8362771540B0083E426 /* SceneDelegate.swift */,
				89C6A8382771540B0083E426 /* ViewController.swift */,
				89C6A83D2771540C0083E426 /* Assets.xcassets */,
				89C6A83F2771540C0083E426 /* LaunchScreen.storyboard */,
				89C6A8422771540C0083E426 /* Info.plist */,
				89C6A84B27715BD30083E426 /* APIService.swift */,
				89C6A84D2771674F0083E426 /* Cast.swift */,
				89C6A8512771762E0083E426 /* DummyViewController.swift */,
				89C6A853277177260083E426 /* DummyData.swift */,
				89C6A855277178BC0083E426 /* UITableViewCellRepresentable.swift */,
				89D58B252772A59C0065D259 /* BaseViewController.swift */,
				89B597D02773FED500D9F67F /* FrameworkTestViewController.swift */,
			);
			path = SeSACWeek13;
			sourceTree = "<group>";
		};
		89D58B272772A76C0065D259 /* NASA */ = {
			isa = PBXGroup;
			children = (
				89D58B282772A77D0065D259 /* NASAViewController.swift */,
			);
			path = NASA;
			sourceTree = "<group>";
		};
		89D58B2A2772A9020065D259 /* Sign */ = {
			isa = PBXGroup;
			children = (
				89D58B2B2772A91E0065D259 /* SignViewController.swift */,
				89D58B2D2772A9990065D259 /* SignView.swift */,
				89D58B322772C6E80065D259 /* SignViewModel.swift */,
			);
			path = Sign;
			sourceTree = "<group>";
		};
/* End PBXGroup section */

/* Begin PBXNativeTarget section */
		89C6A8302771540B0083E426 /* SeSACWeek13 */ = {
			isa = PBXNativeTarget;
			buildConfigurationList = 89C6A8452771540C0083E426 /* Build configuration list for PBXNativeTarget "SeSACWeek13" */;
			buildPhases = (
				89C6A82D2771540B0083E426 /* Sources */,
				89C6A82E2771540B0083E426 /* Frameworks */,
				89C6A82F2771540B0083E426 /* Resources */,
				89B597CF2773FE5800D9F67F /* Embed Frameworks */,
			);
			buildRules = (
			);
			dependencies = (
			);
			name = SeSACWeek13;
			packageProductDependencies = (
				89C6A849277156260083E426 /* SnapKit */,
				89D58B302772BF740065D259 /* Alamofire */,
			);
			productName = SeSACWeek13;
			productReference = 89C6A8312771540B0083E426 /* SeSACWeek13.app */;
			productType = "com.apple.product-type.application";
		};
/* End PBXNativeTarget section */

/* Begin PBXProject section */
		89C6A8292771540B0083E426 /* Project object */ = {
			isa = PBXProject;
			attributes = {
				BuildIndependentTargetsInParallel = 1;
				LastSwiftUpdateCheck = 1320;
				LastUpgradeCheck = 1320;
				TargetAttributes = {
					89C6A8302771540B0083E426 = {
						CreatedOnToolsVersion = 13.2;
					};
				};
			};
			buildConfigurationList = 89C6A82C2771540B0083E426 /* Build configuration list for PBXProject "SeSACWeek13" */;
			compatibilityVersion = "Xcode 13.0";
			developmentRegion = en;
			hasScannedForEncodings = 0;
			knownRegions = (
				en,
				Base,
			);
			mainGroup = 89C6A8282771540B0083E426;
			packageReferences = (
				89C6A848277156260083E426 /* XCRemoteSwiftPackageReference "SnapKit" */,
				89D58B2F2772BF740065D259 /* XCRemoteSwiftPackageReference "Alamofire" */,
			);
			productRefGroup = 89C6A8322771540B0083E426 /* Products */;
			projectDirPath = "";
			projectReferences = (
				{
					ProductGroup = 89B597C42773FE4A00D9F67F /* Products */;
					ProjectRef = 89B597C32773FE4A00D9F67F /* SeSACFramework.xcodeproj */;
				},
			);
			projectRoot = "";
			targets = (
				89C6A8302771540B0083E426 /* SeSACWeek13 */,
			);
		};
/* End PBXProject section */

/* Begin PBXReferenceProxy section */
		89B597C92773FE4A00D9F67F /* SeSACFramework.framework */ = {
			isa = PBXReferenceProxy;
			fileType = wrapper.framework;
			path = SeSACFramework.framework;
			remoteRef = 89B597C82773FE4A00D9F67F /* PBXContainerItemProxy */;
			sourceTree = BUILT_PRODUCTS_DIR;
		};
		89B597CB2773FE4A00D9F67F /* SeSACFrameworkTests.xctest */ = {
			isa = PBXReferenceProxy;
			fileType = wrapper.cfbundle;
			path = SeSACFrameworkTests.xctest;
			remoteRef = 89B597CA2773FE4A00D9F67F /* PBXContainerItemProxy */;
			sourceTree = BUILT_PRODUCTS_DIR;
		};
/* End PBXReferenceProxy section */

/* Begin PBXResourcesBuildPhase section */
		89C6A82F2771540B0083E426 /* Resources */ = {
			isa = PBXResourcesBuildPhase;
			buildActionMask = 2147483647;
			files = (
				89C6A8412771540C0083E426 /* LaunchScreen.storyboard in Resources */,
				89C6A83E2771540C0083E426 /* Assets.xcassets in Resources */,
			);
			runOnlyForDeploymentPostprocessing = 0;
		};
/* End PBXResourcesBuildPhase section */

/* Begin PBXSourcesBuildPhase section */
		89C6A82D2771540B0083E426 /* Sources */ = {
			isa = PBXSourcesBuildPhase;
			buildActionMask = 2147483647;
			files = (
				89C6A854277177260083E426 /* DummyData.swift in Sources */,
				89D58B332772C6E80065D259 /* SignViewModel.swift in Sources */,
				89C6A8522771762E0083E426 /* DummyViewController.swift in Sources */,
				89C6A8392771540B0083E426 /* ViewController.swift in Sources */,
				89C6A850277174530083E426 /* UITableViewCell+Extension.swift in Sources */,
				89C6A8352771540B0083E426 /* AppDelegate.swift in Sources */,
				89D58B262772A59C0065D259 /* BaseViewController.swift in Sources */,
				89C6A856277178BC0083E426 /* UITableViewCellRepresentable.swift in Sources */,
				89D58B2C2772A91E0065D259 /* SignViewController.swift in Sources */,
				89C6A84E2771674F0083E426 /* Cast.swift in Sources */,
				89D58B2E2772A99A0065D259 /* SignView.swift in Sources */,
				89D58B292772A77D0065D259 /* NASAViewController.swift in Sources */,
				89B597D12773FED500D9F67F /* FrameworkTestViewController.swift in Sources */,
				89C6A84C27715BD30083E426 /* APIService.swift in Sources */,
				89C6A8372771540B0083E426 /* SceneDelegate.swift in Sources */,
			);
			runOnlyForDeploymentPostprocessing = 0;
		};
/* End PBXSourcesBuildPhase section */

/* Begin PBXVariantGroup section */
		89C6A83F2771540C0083E426 /* LaunchScreen.storyboard */ = {
			isa = PBXVariantGroup;
			children = (
				89C6A8402771540C0083E426 /* Base */,
			);
			name = LaunchScreen.storyboard;
			sourceTree = "<group>";
		};
/* End PBXVariantGroup section */

/* Begin XCBuildConfiguration section */
		89C6A8432771540C0083E426 /* Debug */ = {
			isa = XCBuildConfiguration;
			buildSettings = {
				ALWAYS_SEARCH_USER_PATHS = NO;
				CLANG_ANALYZER_NONNULL = YES;
				CLANG_ANALYZER_NUMBER_OBJECT_CONVERSION = YES_AGGRESSIVE;
				CLANG_CXX_LANGUAGE_STANDARD = "gnu++17";
				CLANG_CXX_LIBRARY = "libc++";
				CLANG_ENABLE_MODULES = YES;
				CLANG_ENABLE_OBJC_ARC = YES;
				CLANG_ENABLE_OBJC_WEAK = YES;
				CLANG_WARN_BLOCK_CAPTURE_AUTORELEASING = YES;
				CLANG_WARN_BOOL_CONVERSION = YES;
				CLANG_WARN_COMMA = YES;
				CLANG_WARN_CONSTANT_CONVERSION = YES;
				CLANG_WARN_DEPRECATED_OBJC_IMPLEMENTATIONS = YES;
				CLANG_WARN_DIRECT_OBJC_ISA_USAGE = YES_ERROR;
				CLANG_WARN_DOCUMENTATION_COMMENTS = YES;
				CLANG_WARN_EMPTY_BODY = YES;
				CLANG_WARN_ENUM_CONVERSION = YES;
				CLANG_WARN_INFINITE_RECURSION = YES;
				CLANG_WARN_INT_CONVERSION = YES;
				CLANG_WARN_NON_LITERAL_NULL_CONVERSION = YES;
				CLANG_WARN_OBJC_IMPLICIT_RETAIN_SELF = YES;
				CLANG_WARN_OBJC_LITERAL_CONVERSION = YES;
				CLANG_WARN_OBJC_ROOT_CLASS = YES_ERROR;
				CLANG_WARN_QUOTED_INCLUDE_IN_FRAMEWORK_HEADER = YES;
				CLANG_WARN_RANGE_LOOP_ANALYSIS = YES;
				CLANG_WARN_STRICT_PROTOTYPES = YES;
				CLANG_WARN_SUSPICIOUS_MOVE = YES;
				CLANG_WARN_UNGUARDED_AVAILABILITY = YES_AGGRESSIVE;
				CLANG_WARN_UNREACHABLE_CODE = YES;
				CLANG_WARN__DUPLICATE_METHOD_MATCH = YES;
				COPY_PHASE_STRIP = NO;
				DEBUG_INFORMATION_FORMAT = dwarf;
				ENABLE_STRICT_OBJC_MSGSEND = YES;
				ENABLE_TESTABILITY = YES;
				GCC_C_LANGUAGE_STANDARD = gnu11;
				GCC_DYNAMIC_NO_PIC = NO;
				GCC_NO_COMMON_BLOCKS = YES;
				GCC_OPTIMIZATION_LEVEL = 0;
				GCC_PREPROCESSOR_DEFINITIONS = (
					"DEBUG=1",
					"$(inherited)",
				);
				GCC_WARN_64_TO_32_BIT_CONVERSION = YES;
				GCC_WARN_ABOUT_RETURN_TYPE = YES_ERROR;
				GCC_WARN_UNDECLARED_SELECTOR = YES;
				GCC_WARN_UNINITIALIZED_AUTOS = YES_AGGRESSIVE;
				GCC_WARN_UNUSED_FUNCTION = YES;
				GCC_WARN_UNUSED_VARIABLE = YES;
				IPHONEOS_DEPLOYMENT_TARGET = 15.2;
				MTL_ENABLE_DEBUG_INFO = INCLUDE_SOURCE;
				MTL_FAST_MATH = YES;
				ONLY_ACTIVE_ARCH = YES;
				SDKROOT = iphoneos;
				SWIFT_ACTIVE_COMPILATION_CONDITIONS = DEBUG;
				SWIFT_OPTIMIZATION_LEVEL = "-Onone";
			};
			name = Debug;
		};
		89C6A8442771540C0083E426 /* Release */ = {
			isa = XCBuildConfiguration;
			buildSettings = {
				ALWAYS_SEARCH_USER_PATHS = NO;
				CLANG_ANALYZER_NONNULL = YES;
				CLANG_ANALYZER_NUMBER_OBJECT_CONVERSION = YES_AGGRESSIVE;
				CLANG_CXX_LANGUAGE_STANDARD = "gnu++17";
				CLANG_CXX_LIBRARY = "libc++";
				CLANG_ENABLE_MODULES = YES;
				CLANG_ENABLE_OBJC_ARC = YES;
				CLANG_ENABLE_OBJC_WEAK = YES;
				CLANG_WARN_BLOCK_CAPTURE_AUTORELEASING = YES;
				CLANG_WARN_BOOL_CONVERSION = YES;
				CLANG_WARN_COMMA = YES;
				CLANG_WARN_CONSTANT_CONVERSION = YES;
				CLANG_WARN_DEPRECATED_OBJC_IMPLEMENTATIONS = YES;
				CLANG_WARN_DIRECT_OBJC_ISA_USAGE = YES_ERROR;
				CLANG_WARN_DOCUMENTATION_COMMENTS = YES;
				CLANG_WARN_EMPTY_BODY = YES;
				CLANG_WARN_ENUM_CONVERSION = YES;
				CLANG_WARN_INFINITE_RECURSION = YES;
				CLANG_WARN_INT_CONVERSION = YES;
				CLANG_WARN_NON_LITERAL_NULL_CONVERSION = YES;
				CLANG_WARN_OBJC_IMPLICIT_RETAIN_SELF = YES;
				CLANG_WARN_OBJC_LITERAL_CONVERSION = YES;
				CLANG_WARN_OBJC_ROOT_CLASS = YES_ERROR;
				CLANG_WARN_QUOTED_INCLUDE_IN_FRAMEWORK_HEADER = YES;
				CLANG_WARN_RANGE_LOOP_ANALYSIS = YES;
				CLANG_WARN_STRICT_PROTOTYPES = YES;
				CLANG_WARN_SUSPICIOUS_MOVE = YES;
				CLANG_WARN_UNGUARDED_AVAILABILITY = YES_AGGRESSIVE;
				CLANG_WARN_UNREACHABLE_CODE = YES;
				CLANG_WARN__DUPLICATE_METHOD_MATCH = YES;
				COPY_PHASE_STRIP = NO;
				DEBUG_INFORMATION_FORMAT = "dwarf-with-dsym";
				ENABLE_NS_ASSERTIONS = NO;
				ENABLE_STRICT_OBJC_MSGSEND = YES;
				GCC_C_LANGUAGE_STANDARD = gnu11;
				GCC_NO_COMMON_BLOCKS = YES;
				GCC_WARN_64_TO_32_BIT_CONVERSION = YES;
				GCC_WARN_ABOUT_RETURN_TYPE = YES_ERROR;
				GCC_WARN_UNDECLARED_SELECTOR = YES;
				GCC_WARN_UNINITIALIZED_AUTOS = YES_AGGRESSIVE;
				GCC_WARN_UNUSED_FUNCTION = YES;
				GCC_WARN_UNUSED_VARIABLE = YES;
				IPHONEOS_DEPLOYMENT_TARGET = 15.2;
				MTL_ENABLE_DEBUG_INFO = NO;
				MTL_FAST_MATH = YES;
				SDKROOT = iphoneos;
				SWIFT_COMPILATION_MODE = wholemodule;
				SWIFT_OPTIMIZATION_LEVEL = "-O";
				VALIDATE_PRODUCT = YES;
			};
			name = Release;
		};
		89C6A8462771540C0083E426 /* Debug */ = {
			isa = XCBuildConfiguration;
			buildSettings = {
				ASSETCATALOG_COMPILER_APPICON_NAME = AppIcon;
				ASSETCATALOG_COMPILER_GLOBAL_ACCENT_COLOR_NAME = AccentColor;
				CODE_SIGN_STYLE = Automatic;
				CURRENT_PROJECT_VERSION = 1;
				GENERATE_INFOPLIST_FILE = YES;
				INFOPLIST_FILE = SeSACWeek13/Info.plist;
				INFOPLIST_KEY_UIApplicationSupportsIndirectInputEvents = YES;
				INFOPLIST_KEY_UILaunchStoryboardName = LaunchScreen;
				INFOPLIST_KEY_UISupportedInterfaceOrientations_iPad = "UIInterfaceOrientationPortrait UIInterfaceOrientationPortraitUpsideDown UIInterfaceOrientationLandscapeLeft UIInterfaceOrientationLandscapeRight";
				INFOPLIST_KEY_UISupportedInterfaceOrientations_iPhone = "UIInterfaceOrientationPortrait UIInterfaceOrientationLandscapeLeft UIInterfaceOrientationLandscapeRight";
				LD_RUNPATH_SEARCH_PATHS = (
					"$(inherited)",
					"@executable_path/Frameworks",
				);
				MARKETING_VERSION = 1.0;
				PRODUCT_BUNDLE_IDENTIFIER = com.JDman.SeSACWeek13;
				PRODUCT_NAME = "$(TARGET_NAME)";
				SWIFT_EMIT_LOC_STRINGS = YES;
				SWIFT_VERSION = 5.0;
				TARGETED_DEVICE_FAMILY = "1,2";
			};
			name = Debug;
		};
		89C6A8472771540C0083E426 /* Release */ = {
			isa = XCBuildConfiguration;
			buildSettings = {
				ASSETCATALOG_COMPILER_APPICON_NAME = AppIcon;
				ASSETCATALOG_COMPILER_GLOBAL_ACCENT_COLOR_NAME = AccentColor;
				CODE_SIGN_STYLE = Automatic;
				CURRENT_PROJECT_VERSION = 1;
				GENERATE_INFOPLIST_FILE = YES;
				INFOPLIST_FILE = SeSACWeek13/Info.plist;
				INFOPLIST_KEY_UIApplicationSupportsIndirectInputEvents = YES;
				INFOPLIST_KEY_UILaunchStoryboardName = LaunchScreen;
				INFOPLIST_KEY_UISupportedInterfaceOrientations_iPad = "UIInterfaceOrientationPortrait UIInterfaceOrientationPortraitUpsideDown UIInterfaceOrientationLandscapeLeft UIInterfaceOrientationLandscapeRight";
				INFOPLIST_KEY_UISupportedInterfaceOrientations_iPhone = "UIInterfaceOrientationPortrait UIInterfaceOrientationLandscapeLeft UIInterfaceOrientationLandscapeRight";
				LD_RUNPATH_SEARCH_PATHS = (
					"$(inherited)",
					"@executable_path/Frameworks",
				);
				MARKETING_VERSION = 1.0;
				PRODUCT_BUNDLE_IDENTIFIER = com.JDman.SeSACWeek13;
				PRODUCT_NAME = "$(TARGET_NAME)";
				SWIFT_EMIT_LOC_STRINGS = YES;
				SWIFT_VERSION = 5.0;
				TARGETED_DEVICE_FAMILY = "1,2";
			};
			name = Release;
		};
/* End XCBuildConfiguration section */

/* Begin XCConfigurationList section */
		89C6A82C2771540B0083E426 /* Build configuration list for PBXProject "SeSACWeek13" */ = {
			isa = XCConfigurationList;
			buildConfigurations = (
				89C6A8432771540C0083E426 /* Debug */,
				89C6A8442771540C0083E426 /* Release */,
			);
			defaultConfigurationIsVisible = 0;
			defaultConfigurationName = Release;
		};
		89C6A8452771540C0083E426 /* Build configuration list for PBXNativeTarget "SeSACWeek13" */ = {
			isa = XCConfigurationList;
			buildConfigurations = (
				89C6A8462771540C0083E426 /* Debug */,
				89C6A8472771540C0083E426 /* Release */,
			);
			defaultConfigurationIsVisible = 0;
			defaultConfigurationName = Release;
		};
/* End XCConfigurationList section */

/* Begin XCRemoteSwiftPackageReference section */
		89C6A848277156260083E426 /* XCRemoteSwiftPackageReference "SnapKit" */ = {
			isa = XCRemoteSwiftPackageReference;
			repositoryURL = "https://github.com/SnapKit/SnapKit";
			requirement = {
				kind = upToNextMajorVersion;
				minimumVersion = 5.0.0;
			};
		};
		89D58B2F2772BF740065D259 /* XCRemoteSwiftPackageReference "Alamofire" */ = {
			isa = XCRemoteSwiftPackageReference;
			repositoryURL = "https://github.com/Alamofire/Alamofire";
			requirement = {
				kind = upToNextMajorVersion;
				minimumVersion = 5.0.0;
			};
		};
/* End XCRemoteSwiftPackageReference section */

/* Begin XCSwiftPackageProductDependency section */
		89C6A849277156260083E426 /* SnapKit */ = {
			isa = XCSwiftPackageProductDependency;
			package = 89C6A848277156260083E426 /* XCRemoteSwiftPackageReference "SnapKit" */;
			productName = SnapKit;
		};
		89D58B302772BF740065D259 /* Alamofire */ = {
			isa = XCSwiftPackageProductDependency;
			package = 89D58B2F2772BF740065D259 /* XCRemoteSwiftPackageReference "Alamofire" */;
			productName = Alamofire;
		};
/* End XCSwiftPackageProductDependency section */
	};
	rootObject = 89C6A8292771540B0083E426 /* Project object */;
}
