// !$*UTF8*$!
{
	archiveVersion = 1;
	classes = {
	};
	objectVersion = 55;
	objects = {

/* Begin PBXBuildFile section */
		8995E27D27CF623A00BF6F60 /* BeersViewController.swift in Sources */ = {isa = PBXBuildFile; fileRef = 8995E27C27CF623A00BF6F60 /* BeersViewController.swift */; };
		8995E27F27CF625100BF6F60 /* BeersViewReactor.swift in Sources */ = {isa = PBXBuildFile; fileRef = 8995E27E27CF625100BF6F60 /* BeersViewReactor.swift */; };
		8995E28227CF627E00BF6F60 /* SnapKit in Frameworks */ = {isa = PBXBuildFile; productRef = 8995E28127CF627E00BF6F60 /* SnapKit */; };
		8995E28527CF629300BF6F60 /* ReactorKit in Frameworks */ = {isa = PBXBuildFile; productRef = 8995E28427CF629300BF6F60 /* ReactorKit */; };
		8995E28827CF62B000BF6F60 /* RxCocoa in Frameworks */ = {isa = PBXBuildFile; productRef = 8995E28727CF62B000BF6F60 /* RxCocoa */; };
		8995E28A27CF62B000BF6F60 /* RxRelay in Frameworks */ = {isa = PBXBuildFile; productRef = 8995E28927CF62B000BF6F60 /* RxRelay */; };
		8995E29027CF652200BF6F60 /* Moya in Frameworks */ = {isa = PBXBuildFile; productRef = 8995E28F27CF652200BF6F60 /* Moya */; };
		8995E29327CF655600BF6F60 /* BeersModel.swift in Sources */ = {isa = PBXBuildFile; fileRef = 8995E29227CF655600BF6F60 /* BeersModel.swift */; };
		8995E29627CF669200BF6F60 /* Kingfisher in Frameworks */ = {isa = PBXBuildFile; productRef = 8995E29527CF669200BF6F60 /* Kingfisher */; };
		8995E29827CF679600BF6F60 /* BeersTableViewCell.swift in Sources */ = {isa = PBXBuildFile; fileRef = 8995E29727CF679600BF6F60 /* BeersTableViewCell.swift */; };
		8995E29A27CF68A400BF6F60 /* BeersItemModel.swift in Sources */ = {isa = PBXBuildFile; fileRef = 8995E29927CF68A400BF6F60 /* BeersItemModel.swift */; };
		8995E29D27CF71A800BF6F60 /* BeersTarget.swift in Sources */ = {isa = PBXBuildFile; fileRef = 8995E29C27CF71A800BF6F60 /* BeersTarget.swift */; };
		8995E2A027CF770500BF6F60 /* ViewController+RxExt.swift in Sources */ = {isa = PBXBuildFile; fileRef = 8995E29F27CF770500BF6F60 /* ViewController+RxExt.swift */; };
		899657E927CDFD3100C089FE /* AppDelegate.swift in Sources */ = {isa = PBXBuildFile; fileRef = 899657E827CDFD3100C089FE /* AppDelegate.swift */; };
		899657EB27CDFD3100C089FE /* SceneDelegate.swift in Sources */ = {isa = PBXBuildFile; fileRef = 899657EA27CDFD3100C089FE /* SceneDelegate.swift */; };
		899657F227CDFD3200C089FE /* Assets.xcassets in Resources */ = {isa = PBXBuildFile; fileRef = 899657F127CDFD3200C089FE /* Assets.xcassets */; };
		899657F527CDFD3200C089FE /* LaunchScreen.storyboard in Resources */ = {isa = PBXBuildFile; fileRef = 899657F327CDFD3200C089FE /* LaunchScreen.storyboard */; };
/* End PBXBuildFile section */

/* Begin PBXFileReference section */
		8995E27C27CF623A00BF6F60 /* BeersViewController.swift */ = {isa = PBXFileReference; lastKnownFileType = sourcecode.swift; path = BeersViewController.swift; sourceTree = "<group>"; };
		8995E27E27CF625100BF6F60 /* BeersViewReactor.swift */ = {isa = PBXFileReference; lastKnownFileType = sourcecode.swift; path = BeersViewReactor.swift; sourceTree = "<group>"; };
		8995E29227CF655600BF6F60 /* BeersModel.swift */ = {isa = PBXFileReference; lastKnownFileType = sourcecode.swift; path = BeersModel.swift; sourceTree = "<group>"; };
		8995E29727CF679600BF6F60 /* BeersTableViewCell.swift */ = {isa = PBXFileReference; lastKnownFileType = sourcecode.swift; path = BeersTableViewCell.swift; sourceTree = "<group>"; };
		8995E29927CF68A400BF6F60 /* BeersItemModel.swift */ = {isa = PBXFileReference; lastKnownFileType = sourcecode.swift; path = BeersItemModel.swift; sourceTree = "<group>"; };
		8995E29C27CF71A800BF6F60 /* BeersTarget.swift */ = {isa = PBXFileReference; lastKnownFileType = sourcecode.swift; path = BeersTarget.swift; sourceTree = "<group>"; };
		8995E29F27CF770500BF6F60 /* ViewController+RxExt.swift */ = {isa = PBXFileReference; lastKnownFileType = sourcecode.swift; path = "ViewController+RxExt.swift"; sourceTree = "<group>"; };
		899657E527CDFD3100C089FE /* ExampleReatorKit.app */ = {isa = PBXFileReference; explicitFileType = wrapper.application; includeInIndex = 0; path = ExampleReatorKit.app; sourceTree = BUILT_PRODUCTS_DIR; };
		899657E827CDFD3100C089FE /* AppDelegate.swift */ = {isa = PBXFileReference; lastKnownFileType = sourcecode.swift; path = AppDelegate.swift; sourceTree = "<group>"; };
		899657EA27CDFD3100C089FE /* SceneDelegate.swift */ = {isa = PBXFileReference; lastKnownFileType = sourcecode.swift; path = SceneDelegate.swift; sourceTree = "<group>"; };
		899657F127CDFD3200C089FE /* Assets.xcassets */ = {isa = PBXFileReference; lastKnownFileType = folder.assetcatalog; path = Assets.xcassets; sourceTree = "<group>"; };
		899657F427CDFD3200C089FE /* Base */ = {isa = PBXFileReference; lastKnownFileType = file.storyboard; name = Base; path = Base.lproj/LaunchScreen.storyboard; sourceTree = "<group>"; };
		899657F627CDFD3200C089FE /* Info.plist */ = {isa = PBXFileReference; lastKnownFileType = text.plist.xml; path = Info.plist; sourceTree = "<group>"; };
/* End PBXFileReference section */

/* Begin PBXFrameworksBuildPhase section */
		899657E227CDFD3100C089FE /* Frameworks */ = {
			isa = PBXFrameworksBuildPhase;
			buildActionMask = 2147483647;
			files = (
				8995E29627CF669200BF6F60 /* Kingfisher in Frameworks */,
				8995E28827CF62B000BF6F60 /* RxCocoa in Frameworks */,
				8995E28527CF629300BF6F60 /* ReactorKit in Frameworks */,
				8995E28A27CF62B000BF6F60 /* RxRelay in Frameworks */,
				8995E29027CF652200BF6F60 /* Moya in Frameworks */,
				8995E28227CF627E00BF6F60 /* SnapKit in Frameworks */,
			);
			runOnlyForDeploymentPostprocessing = 0;
		};
/* End PBXFrameworksBuildPhase section */

/* Begin PBXGroup section */
		8995E28B27CF64C100BF6F60 /* Resources */ = {
			isa = PBXGroup;
			children = (
				899657E827CDFD3100C089FE /* AppDelegate.swift */,
				899657EA27CDFD3100C089FE /* SceneDelegate.swift */,
				899657F127CDFD3200C089FE /* Assets.xcassets */,
				899657F327CDFD3200C089FE /* LaunchScreen.storyboard */,
			);
			path = Resources;
			sourceTree = "<group>";
		};
		8995E28C27CF64CC00BF6F60 /* Views */ = {
			isa = PBXGroup;
			children = (
				8995E27C27CF623A00BF6F60 /* BeersViewController.swift */,
				8995E29727CF679600BF6F60 /* BeersTableViewCell.swift */,
			);
			path = Views;
			sourceTree = "<group>";
		};
		8995E28D27CF64D100BF6F60 /* Reactors */ = {
			isa = PBXGroup;
			children = (
				8995E27E27CF625100BF6F60 /* BeersViewReactor.swift */,
			);
			path = Reactors;
			sourceTree = "<group>";
		};
		8995E29127CF653000BF6F60 /* Models */ = {
			isa = PBXGroup;
			children = (
				8995E29227CF655600BF6F60 /* BeersModel.swift */,
				8995E29927CF68A400BF6F60 /* BeersItemModel.swift */,
			);
			path = Models;
			sourceTree = "<group>";
		};
		8995E29B27CF719700BF6F60 /* InfraStructure */ = {
			isa = PBXGroup;
			children = (
				8995E29C27CF71A800BF6F60 /* BeersTarget.swift */,
			);
			path = InfraStructure;
			sourceTree = "<group>";
		};
		8995E29E27CF76FA00BF6F60 /* Rx+Ext */ = {
			isa = PBXGroup;
			children = (
				8995E29F27CF770500BF6F60 /* ViewController+RxExt.swift */,
			);
			path = "Rx+Ext";
			sourceTree = "<group>";
		};
		899657DC27CDFD3100C089FE = {
			isa = PBXGroup;
			children = (
				899657E727CDFD3100C089FE /* ExampleReatorKit */,
				899657E627CDFD3100C089FE /* Products */,
			);
			sourceTree = "<group>";
		};
		899657E627CDFD3100C089FE /* Products */ = {
			isa = PBXGroup;
			children = (
				899657E527CDFD3100C089FE /* ExampleReatorKit.app */,
			);
			name = Products;
			sourceTree = "<group>";
		};
		899657E727CDFD3100C089FE /* ExampleReatorKit */ = {
			isa = PBXGroup;
			children = (
				8995E29E27CF76FA00BF6F60 /* Rx+Ext */,
				8995E29B27CF719700BF6F60 /* InfraStructure */,
				8995E29127CF653000BF6F60 /* Models */,
				8995E28D27CF64D100BF6F60 /* Reactors */,
				8995E28C27CF64CC00BF6F60 /* Views */,
				8995E28B27CF64C100BF6F60 /* Resources */,
				899657F627CDFD3200C089FE /* Info.plist */,
			);
			path = ExampleReatorKit;
			sourceTree = "<group>";
		};
/* End PBXGroup section */

/* Begin PBXNativeTarget section */
		899657E427CDFD3100C089FE /* ExampleReatorKit */ = {
			isa = PBXNativeTarget;
			buildConfigurationList = 899657F927CDFD3200C089FE /* Build configuration list for PBXNativeTarget "ExampleReatorKit" */;
			buildPhases = (
				899657E127CDFD3100C089FE /* Sources */,
				899657E227CDFD3100C089FE /* Frameworks */,
				899657E327CDFD3100C089FE /* Resources */,
			);
			buildRules = (
			);
			dependencies = (
			);
			name = ExampleReatorKit;
			packageProductDependencies = (
				8995E28127CF627E00BF6F60 /* SnapKit */,
				8995E28427CF629300BF6F60 /* ReactorKit */,
				8995E28727CF62B000BF6F60 /* RxCocoa */,
				8995E28927CF62B000BF6F60 /* RxRelay */,
				8995E28F27CF652200BF6F60 /* Moya */,
				8995E29527CF669200BF6F60 /* Kingfisher */,
			);
			productName = ExampleReatorKit;
			productReference = 899657E527CDFD3100C089FE /* ExampleReatorKit.app */;
			productType = "com.apple.product-type.application";
		};
/* End PBXNativeTarget section */

/* Begin PBXProject section */
		899657DD27CDFD3100C089FE /* Project object */ = {
			isa = PBXProject;
			attributes = {
				BuildIndependentTargetsInParallel = 1;
				LastSwiftUpdateCheck = 1320;
				LastUpgradeCheck = 1320;
				TargetAttributes = {
					899657E427CDFD3100C089FE = {
						CreatedOnToolsVersion = 13.2.1;
					};
				};
			};
			buildConfigurationList = 899657E027CDFD3100C089FE /* Build configuration list for PBXProject "ExampleReatorKit" */;
			compatibilityVersion = "Xcode 13.0";
			developmentRegion = en;
			hasScannedForEncodings = 0;
			knownRegions = (
				en,
				Base,
			);
			mainGroup = 899657DC27CDFD3100C089FE;
			packageReferences = (
				8995E28027CF627E00BF6F60 /* XCRemoteSwiftPackageReference "SnapKit" */,
				8995E28327CF629300BF6F60 /* XCRemoteSwiftPackageReference "ReactorKit" */,
				8995E28627CF62B000BF6F60 /* XCRemoteSwiftPackageReference "RxSwift" */,
				8995E28E27CF652200BF6F60 /* XCRemoteSwiftPackageReference "Moya" */,
				8995E29427CF669200BF6F60 /* XCRemoteSwiftPackageReference "Kingfisher" */,
			);
			productRefGroup = 899657E627CDFD3100C089FE /* Products */;
			projectDirPath = "";
			projectRoot = "";
			targets = (
				899657E427CDFD3100C089FE /* ExampleReatorKit */,
			);
		};
/* End PBXProject section */

/* Begin PBXResourcesBuildPhase section */
		899657E327CDFD3100C089FE /* Resources */ = {
			isa = PBXResourcesBuildPhase;
			buildActionMask = 2147483647;
			files = (
				899657F527CDFD3200C089FE /* LaunchScreen.storyboard in Resources */,
				899657F227CDFD3200C089FE /* Assets.xcassets in Resources */,
			);
			runOnlyForDeploymentPostprocessing = 0;
		};
/* End PBXResourcesBuildPhase section */

/* Begin PBXSourcesBuildPhase section */
		899657E127CDFD3100C089FE /* Sources */ = {
			isa = PBXSourcesBuildPhase;
			buildActionMask = 2147483647;
			files = (
				899657E927CDFD3100C089FE /* AppDelegate.swift in Sources */,
				8995E2A027CF770500BF6F60 /* ViewController+RxExt.swift in Sources */,
				8995E27F27CF625100BF6F60 /* BeersViewReactor.swift in Sources */,
				899657EB27CDFD3100C089FE /* SceneDelegate.swift in Sources */,
				8995E27D27CF623A00BF6F60 /* BeersViewController.swift in Sources */,
				8995E29D27CF71A800BF6F60 /* BeersTarget.swift in Sources */,
				8995E29327CF655600BF6F60 /* BeersModel.swift in Sources */,
				8995E29A27CF68A400BF6F60 /* BeersItemModel.swift in Sources */,
				8995E29827CF679600BF6F60 /* BeersTableViewCell.swift in Sources */,
			);
			runOnlyForDeploymentPostprocessing = 0;
		};
/* End PBXSourcesBuildPhase section */

/* Begin PBXVariantGroup section */
		899657F327CDFD3200C089FE /* LaunchScreen.storyboard */ = {
			isa = PBXVariantGroup;
			children = (
				899657F427CDFD3200C089FE /* Base */,
			);
			name = LaunchScreen.storyboard;
			sourceTree = "<group>";
		};
/* End PBXVariantGroup section */

/* Begin XCBuildConfiguration section */
		899657F727CDFD3200C089FE /* Debug */ = {
			isa = XCBuildConfiguration;
			buildSettings = {
				ALWAYS_SEARCH_USER_PATHS = NO;
				CLANG_ANALYZER_NONNULL = YES;
				CLANG_ANALYZER_NUMBER_OBJECT_CONVERSION = YES_AGGRESSIVE;
				CLANG_CXX_LANGUAGE_STANDARD = "gnu++17";
				CLANG_CXX_LIBRARY = "libc++";
				CLANG_ENABLE_MODULES = YES;
				CLANG_ENABLE_OBJC_ARC = YES;
				CLANG_ENABLE_OBJC_WEAK = YES;
				CLANG_WARN_BLOCK_CAPTURE_AUTORELEASING = YES;
				CLANG_WARN_BOOL_CONVERSION = YES;
				CLANG_WARN_COMMA = YES;
				CLANG_WARN_CONSTANT_CONVERSION = YES;
				CLANG_WARN_DEPRECATED_OBJC_IMPLEMENTATIONS = YES;
				CLANG_WARN_DIRECT_OBJC_ISA_USAGE = YES_ERROR;
				CLANG_WARN_DOCUMENTATION_COMMENTS = YES;
				CLANG_WARN_EMPTY_BODY = YES;
				CLANG_WARN_ENUM_CONVERSION = YES;
				CLANG_WARN_INFINITE_RECURSION = YES;
				CLANG_WARN_INT_CONVERSION = YES;
				CLANG_WARN_NON_LITERAL_NULL_CONVERSION = YES;
				CLANG_WARN_OBJC_IMPLICIT_RETAIN_SELF = YES;
				CLANG_WARN_OBJC_LITERAL_CONVERSION = YES;
				CLANG_WARN_OBJC_ROOT_CLASS = YES_ERROR;
				CLANG_WARN_QUOTED_INCLUDE_IN_FRAMEWORK_HEADER = YES;
				CLANG_WARN_RANGE_LOOP_ANALYSIS = YES;
				CLANG_WARN_STRICT_PROTOTYPES = YES;
				CLANG_WARN_SUSPICIOUS_MOVE = YES;
				CLANG_WARN_UNGUARDED_AVAILABILITY = YES_AGGRESSIVE;
				CLANG_WARN_UNREACHABLE_CODE = YES;
				CLANG_WARN__DUPLICATE_METHOD_MATCH = YES;
				COPY_PHASE_STRIP = NO;
				DEBUG_INFORMATION_FORMAT = dwarf;
				ENABLE_STRICT_OBJC_MSGSEND = YES;
				ENABLE_TESTABILITY = YES;
				GCC_C_LANGUAGE_STANDARD = gnu11;
				GCC_DYNAMIC_NO_PIC = NO;
				GCC_NO_COMMON_BLOCKS = YES;
				GCC_OPTIMIZATION_LEVEL = 0;
				GCC_PREPROCESSOR_DEFINITIONS = (
					"DEBUG=1",
					"$(inherited)",
				);
				GCC_WARN_64_TO_32_BIT_CONVERSION = YES;
				GCC_WARN_ABOUT_RETURN_TYPE = YES_ERROR;
				GCC_WARN_UNDECLARED_SELECTOR = YES;
				GCC_WARN_UNINITIALIZED_AUTOS = YES_AGGRESSIVE;
				GCC_WARN_UNUSED_FUNCTION = YES;
				GCC_WARN_UNUSED_VARIABLE = YES;
				IPHONEOS_DEPLOYMENT_TARGET = 15.2;
				MTL_ENABLE_DEBUG_INFO = INCLUDE_SOURCE;
				MTL_FAST_MATH = YES;
				ONLY_ACTIVE_ARCH = YES;
				SDKROOT = iphoneos;
				SWIFT_ACTIVE_COMPILATION_CONDITIONS = DEBUG;
				SWIFT_OPTIMIZATION_LEVEL = "-Onone";
			};
			name = Debug;
		};
		899657F827CDFD3200C089FE /* Release */ = {
			isa = XCBuildConfiguration;
			buildSettings = {
				ALWAYS_SEARCH_USER_PATHS = NO;
				CLANG_ANALYZER_NONNULL = YES;
				CLANG_ANALYZER_NUMBER_OBJECT_CONVERSION = YES_AGGRESSIVE;
				CLANG_CXX_LANGUAGE_STANDARD = "gnu++17";
				CLANG_CXX_LIBRARY = "libc++";
				CLANG_ENABLE_MODULES = YES;
				CLANG_ENABLE_OBJC_ARC = YES;
				CLANG_ENABLE_OBJC_WEAK = YES;
				CLANG_WARN_BLOCK_CAPTURE_AUTORELEASING = YES;
				CLANG_WARN_BOOL_CONVERSION = YES;
				CLANG_WARN_COMMA = YES;
				CLANG_WARN_CONSTANT_CONVERSION = YES;
				CLANG_WARN_DEPRECATED_OBJC_IMPLEMENTATIONS = YES;
				CLANG_WARN_DIRECT_OBJC_ISA_USAGE = YES_ERROR;
				CLANG_WARN_DOCUMENTATION_COMMENTS = YES;
				CLANG_WARN_EMPTY_BODY = YES;
				CLANG_WARN_ENUM_CONVERSION = YES;
				CLANG_WARN_INFINITE_RECURSION = YES;
				CLANG_WARN_INT_CONVERSION = YES;
				CLANG_WARN_NON_LITERAL_NULL_CONVERSION = YES;
				CLANG_WARN_OBJC_IMPLICIT_RETAIN_SELF = YES;
				CLANG_WARN_OBJC_LITERAL_CONVERSION = YES;
				CLANG_WARN_OBJC_ROOT_CLASS = YES_ERROR;
				CLANG_WARN_QUOTED_INCLUDE_IN_FRAMEWORK_HEADER = YES;
				CLANG_WARN_RANGE_LOOP_ANALYSIS = YES;
				CLANG_WARN_STRICT_PROTOTYPES = YES;
				CLANG_WARN_SUSPICIOUS_MOVE = YES;
				CLANG_WARN_UNGUARDED_AVAILABILITY = YES_AGGRESSIVE;
				CLANG_WARN_UNREACHABLE_CODE = YES;
				CLANG_WARN__DUPLICATE_METHOD_MATCH = YES;
				COPY_PHASE_STRIP = NO;
				DEBUG_INFORMATION_FORMAT = "dwarf-with-dsym";
				ENABLE_NS_ASSERTIONS = NO;
				ENABLE_STRICT_OBJC_MSGSEND = YES;
				GCC_C_LANGUAGE_STANDARD = gnu11;
				GCC_NO_COMMON_BLOCKS = YES;
				GCC_WARN_64_TO_32_BIT_CONVERSION = YES;
				GCC_WARN_ABOUT_RETURN_TYPE = YES_ERROR;
				GCC_WARN_UNDECLARED_SELECTOR = YES;
				GCC_WARN_UNINITIALIZED_AUTOS = YES_AGGRESSIVE;
				GCC_WARN_UNUSED_FUNCTION = YES;
				GCC_WARN_UNUSED_VARIABLE = YES;
				IPHONEOS_DEPLOYMENT_TARGET = 15.2;
				MTL_ENABLE_DEBUG_INFO = NO;
				MTL_FAST_MATH = YES;
				SDKROOT = iphoneos;
				SWIFT_COMPILATION_MODE = wholemodule;
				SWIFT_OPTIMIZATION_LEVEL = "-O";
				VALIDATE_PRODUCT = YES;
			};
			name = Release;
		};
		899657FA27CDFD3200C089FE /* Debug */ = {
			isa = XCBuildConfiguration;
			buildSettings = {
				ASSETCATALOG_COMPILER_APPICON_NAME = AppIcon;
				ASSETCATALOG_COMPILER_GLOBAL_ACCENT_COLOR_NAME = AccentColor;
				CODE_SIGN_STYLE = Automatic;
				CURRENT_PROJECT_VERSION = 1;
				GENERATE_INFOPLIST_FILE = YES;
				INFOPLIST_FILE = ExampleReatorKit/Info.plist;
				INFOPLIST_KEY_UIApplicationSupportsIndirectInputEvents = YES;
				INFOPLIST_KEY_UILaunchStoryboardName = LaunchScreen;
				INFOPLIST_KEY_UISupportedInterfaceOrientations_iPad = "UIInterfaceOrientationPortrait UIInterfaceOrientationPortraitUpsideDown UIInterfaceOrientationLandscapeLeft UIInterfaceOrientationLandscapeRight";
				INFOPLIST_KEY_UISupportedInterfaceOrientations_iPhone = "UIInterfaceOrientationPortrait UIInterfaceOrientationLandscapeLeft UIInterfaceOrientationLandscapeRight";
				LD_RUNPATH_SEARCH_PATHS = (
					"$(inherited)",
					"@executable_path/Frameworks",
				);
				MARKETING_VERSION = 1.0;
				PRODUCT_BUNDLE_IDENTIFIER = com.JDman.ExampleReatorKit;
				PRODUCT_NAME = "$(TARGET_NAME)";
				SWIFT_EMIT_LOC_STRINGS = YES;
				SWIFT_VERSION = 5.0;
				TARGETED_DEVICE_FAMILY = 1;
			};
			name = Debug;
		};
		899657FB27CDFD3200C089FE /* Release */ = {
			isa = XCBuildConfiguration;
			buildSettings = {
				ASSETCATALOG_COMPILER_APPICON_NAME = AppIcon;
				ASSETCATALOG_COMPILER_GLOBAL_ACCENT_COLOR_NAME = AccentColor;
				CODE_SIGN_STYLE = Automatic;
				CURRENT_PROJECT_VERSION = 1;
				GENERATE_INFOPLIST_FILE = YES;
				INFOPLIST_FILE = ExampleReatorKit/Info.plist;
				INFOPLIST_KEY_UIApplicationSupportsIndirectInputEvents = YES;
				INFOPLIST_KEY_UILaunchStoryboardName = LaunchScreen;
				INFOPLIST_KEY_UISupportedInterfaceOrientations_iPad = "UIInterfaceOrientationPortrait UIInterfaceOrientationPortraitUpsideDown UIInterfaceOrientationLandscapeLeft UIInterfaceOrientationLandscapeRight";
				INFOPLIST_KEY_UISupportedInterfaceOrientations_iPhone = "UIInterfaceOrientationPortrait UIInterfaceOrientationLandscapeLeft UIInterfaceOrientationLandscapeRight";
				LD_RUNPATH_SEARCH_PATHS = (
					"$(inherited)",
					"@executable_path/Frameworks",
				);
				MARKETING_VERSION = 1.0;
				PRODUCT_BUNDLE_IDENTIFIER = com.JDman.ExampleReatorKit;
				PRODUCT_NAME = "$(TARGET_NAME)";
				SWIFT_EMIT_LOC_STRINGS = YES;
				SWIFT_VERSION = 5.0;
				TARGETED_DEVICE_FAMILY = 1;
			};
			name = Release;
		};
/* End XCBuildConfiguration section */

/* Begin XCConfigurationList section */
		899657E027CDFD3100C089FE /* Build configuration list for PBXProject "ExampleReatorKit" */ = {
			isa = XCConfigurationList;
			buildConfigurations = (
				899657F727CDFD3200C089FE /* Debug */,
				899657F827CDFD3200C089FE /* Release */,
			);
			defaultConfigurationIsVisible = 0;
			defaultConfigurationName = Release;
		};
		899657F927CDFD3200C089FE /* Build configuration list for PBXNativeTarget "ExampleReatorKit" */ = {
			isa = XCConfigurationList;
			buildConfigurations = (
				899657FA27CDFD3200C089FE /* Debug */,
				899657FB27CDFD3200C089FE /* Release */,
			);
			defaultConfigurationIsVisible = 0;
			defaultConfigurationName = Release;
		};
/* End XCConfigurationList section */

/* Begin XCRemoteSwiftPackageReference section */
		8995E28027CF627E00BF6F60 /* XCRemoteSwiftPackageReference "SnapKit" */ = {
			isa = XCRemoteSwiftPackageReference;
			repositoryURL = "https://github.com/SnapKit/SnapKit";
			requirement = {
				kind = upToNextMajorVersion;
				minimumVersion = 5.0.0;
			};
		};
		8995E28327CF629300BF6F60 /* XCRemoteSwiftPackageReference "ReactorKit" */ = {
			isa = XCRemoteSwiftPackageReference;
			repositoryURL = "https://github.com/ReactorKit/ReactorKit";
			requirement = {
				kind = upToNextMajorVersion;
				minimumVersion = 3.0.0;
			};
		};
		8995E28627CF62B000BF6F60 /* XCRemoteSwiftPackageReference "RxSwift" */ = {
			isa = XCRemoteSwiftPackageReference;
			repositoryURL = "https://github.com/ReactiveX/RxSwift";
			requirement = {
				kind = upToNextMajorVersion;
				minimumVersion = 6.0.0;
			};
		};
		8995E28E27CF652200BF6F60 /* XCRemoteSwiftPackageReference "Moya" */ = {
			isa = XCRemoteSwiftPackageReference;
			repositoryURL = "https://github.com/Moya/Moya";
			requirement = {
				kind = upToNextMajorVersion;
				minimumVersion = 15.0.0;
			};
		};
		8995E29427CF669200BF6F60 /* XCRemoteSwiftPackageReference "Kingfisher" */ = {
			isa = XCRemoteSwiftPackageReference;
			repositoryURL = "https://github.com/onevcat/Kingfisher";
			requirement = {
				kind = upToNextMajorVersion;
				minimumVersion = 7.0.0;
			};
		};
/* End XCRemoteSwiftPackageReference section */

/* Begin XCSwiftPackageProductDependency section */
		8995E28127CF627E00BF6F60 /* SnapKit */ = {
			isa = XCSwiftPackageProductDependency;
			package = 8995E28027CF627E00BF6F60 /* XCRemoteSwiftPackageReference "SnapKit" */;
			productName = SnapKit;
		};
		8995E28427CF629300BF6F60 /* ReactorKit */ = {
			isa = XCSwiftPackageProductDependency;
			package = 8995E28327CF629300BF6F60 /* XCRemoteSwiftPackageReference "ReactorKit" */;
			productName = ReactorKit;
		};
		8995E28727CF62B000BF6F60 /* RxCocoa */ = {
			isa = XCSwiftPackageProductDependency;
			package = 8995E28627CF62B000BF6F60 /* XCRemoteSwiftPackageReference "RxSwift" */;
			productName = RxCocoa;
		};
		8995E28927CF62B000BF6F60 /* RxRelay */ = {
			isa = XCSwiftPackageProductDependency;
			package = 8995E28627CF62B000BF6F60 /* XCRemoteSwiftPackageReference "RxSwift" */;
			productName = RxRelay;
		};
		8995E28F27CF652200BF6F60 /* Moya */ = {
			isa = XCSwiftPackageProductDependency;
			package = 8995E28E27CF652200BF6F60 /* XCRemoteSwiftPackageReference "Moya" */;
			productName = Moya;
		};
		8995E29527CF669200BF6F60 /* Kingfisher */ = {
			isa = XCSwiftPackageProductDependency;
			package = 8995E29427CF669200BF6F60 /* XCRemoteSwiftPackageReference "Kingfisher" */;
			productName = Kingfisher;
		};
/* End XCSwiftPackageProductDependency section */
	};
	rootObject = 899657DD27CDFD3100C089FE /* Project object */;
}
